// !$*UTF8*$!
{
	archiveVersion = 1;
	classes = {
	};
	objectVersion = 56;
	objects = {

/* Begin PBXBuildFile section */
		068F492C712C4A4111B0D4C7 /* Pods_Milllionaire.framework in Frameworks */ = {isa = PBXBuildFile; fileRef = 8284C7E2680724BFAE0B8F48 /* Pods_Milllionaire.framework */; };
		B43331892ABC92110037EC42 /* Localizable.strings in Resources */ = {isa = PBXBuildFile; fileRef = B43331882ABC92110037EC42 /* Localizable.strings */; };
		B4B303C12931F70C0053B91A /* AppDelegate.swift in Sources */ = {isa = PBXBuildFile; fileRef = B4B303C02931F70C0053B91A /* AppDelegate.swift */; };
		B4B303C32931F70C0053B91A /* SceneDelegate.swift in Sources */ = {isa = PBXBuildFile; fileRef = B4B303C22931F70C0053B91A /* SceneDelegate.swift */; };
		B4B303C52931F70C0053B91A /* MainViewController.swift in Sources */ = {isa = PBXBuildFile; fileRef = B4B303C42931F70C0053B91A /* MainViewController.swift */; };
		B4B303CB2931F70C0053B91A /* Milllionaire.xcdatamodeld in Sources */ = {isa = PBXBuildFile; fileRef = B4B303C92931F70C0053B91A /* Milllionaire.xcdatamodeld */; };
		B4B303CD2931F70E0053B91A /* Assets.xcassets in Resources */ = {isa = PBXBuildFile; fileRef = B4B303CC2931F70E0053B91A /* Assets.xcassets */; };
		B4B303D02931F70E0053B91A /* LaunchScreen.storyboard in Resources */ = {isa = PBXBuildFile; fileRef = B4B303CE2931F70E0053B91A /* LaunchScreen.storyboard */; };
		B4B303DF29328ADF0053B91A /* Question.swift in Sources */ = {isa = PBXBuildFile; fileRef = B4B303DE29328ADF0053B91A /* Question.swift */; };
		B4B303E129328DA80053B91A /* QuestionData.swift in Sources */ = {isa = PBXBuildFile; fileRef = B4B303E029328DA80053B91A /* QuestionData.swift */; };
		B4B303E3293291250053B91A /* GameViewController.swift in Sources */ = {isa = PBXBuildFile; fileRef = B4B303E2293291250053B91A /* GameViewController.swift */; };
		B4B303E52932A3860053B91A /* AnswerTableViewCell.swift in Sources */ = {isa = PBXBuildFile; fileRef = B4B303E42932A3860053B91A /* AnswerTableViewCell.swift */; };
		B4B303E72932BCB10053B91A /* ResultsViewController.swift in Sources */ = {isa = PBXBuildFile; fileRef = B4B303E62932BCB10053B91A /* ResultsViewController.swift */; };
		B4B303E92932C7970053B91A /* Game.swift in Sources */ = {isa = PBXBuildFile; fileRef = B4B303E82932C7970053B91A /* Game.swift */; };
		B4B303EB2932C85E0053B91A /* GameSession.swift in Sources */ = {isa = PBXBuildFile; fileRef = B4B303EA2932C85E0053B91A /* GameSession.swift */; };
		B4B303ED29334A1D0053B91A /* Results.swift in Sources */ = {isa = PBXBuildFile; fileRef = B4B303EC29334A1D0053B91A /* Results.swift */; };
		B4B303EF29337FB20053B91A /* GameCaretaker.swift in Sources */ = {isa = PBXBuildFile; fileRef = B4B303EE29337FB20053B91A /* GameCaretaker.swift */; };
		B4B303F22933974E0053B91A /* Result+CoreDataClass.swift in Sources */ = {isa = PBXBuildFile; fileRef = B4B303F02933974E0053B91A /* Result+CoreDataClass.swift */; };
		B4B303F32933974E0053B91A /* Result+CoreDataProperties.swift in Sources */ = {isa = PBXBuildFile; fileRef = B4B303F12933974E0053B91A /* Result+CoreDataProperties.swift */; };
		B4B303F52934A3690053B91A /* SettingsViewController.swift in Sources */ = {isa = PBXBuildFile; fileRef = B4B303F42934A3690053B91A /* SettingsViewController.swift */; };
		B4B303F72934EE9E0053B91A /* Difficulty.swift in Sources */ = {isa = PBXBuildFile; fileRef = B4B303F62934EE9E0053B91A /* Difficulty.swift */; };
		B4B303F92934F6890053B91A /* ShuffleStrategy.swift in Sources */ = {isa = PBXBuildFile; fileRef = B4B303F82934F6890053B91A /* ShuffleStrategy.swift */; };
		B4B303FB2934FB120053B91A /* MediumQuestionStrategy.swift in Sources */ = {isa = PBXBuildFile; fileRef = B4B303FA2934FB120053B91A /* MediumQuestionStrategy.swift */; };
		B4EB406729388C5500520181 /* MainRootView.swift in Sources */ = {isa = PBXBuildFile; fileRef = B4EB406629388C5500520181 /* MainRootView.swift */; };
		B4EB40692938995100520181 /* SettingsRootView.swift in Sources */ = {isa = PBXBuildFile; fileRef = B4EB40682938995100520181 /* SettingsRootView.swift */; };
		B4EB406B29389EE100520181 /* ResultsRootView.swift in Sources */ = {isa = PBXBuildFile; fileRef = B4EB406A29389EE100520181 /* ResultsRootView.swift */; };
		B4EB406D2938A17B00520181 /* GameRootView.swift in Sources */ = {isa = PBXBuildFile; fileRef = B4EB406C2938A17B00520181 /* GameRootView.swift */; };
		B4EB406F2938AB0400520181 /* EasyQuestionStrategy.swift in Sources */ = {isa = PBXBuildFile; fileRef = B4EB406E2938AB0400520181 /* EasyQuestionStrategy.swift */; };
		B4EB407C2939E81500520181 /* Observable.swift in Sources */ = {isa = PBXBuildFile; fileRef = B4EB407B2939E81500520181 /* Observable.swift */; };
		B4EB407F293A229600520181 /* AddingQuestionViewController.swift in Sources */ = {isa = PBXBuildFile; fileRef = B4EB407E293A229600520181 /* AddingQuestionViewController.swift */; };
		B4EB4087293A635100520181 /* AddNewQuestionTableViewCell.swift in Sources */ = {isa = PBXBuildFile; fileRef = B4EB4086293A635100520181 /* AddNewQuestionTableViewCell.swift */; };
		B4EB4089293B11A400520181 /* AnswerTextField.swift in Sources */ = {isa = PBXBuildFile; fileRef = B4EB4088293B11A400520181 /* AnswerTextField.swift */; };
		B4EB408B293B18C100520181 /* RoundedMainButton.swift in Sources */ = {isa = PBXBuildFile; fileRef = B4EB408A293B18C100520181 /* RoundedMainButton.swift */; };
		B4EB408D293B1CB800520181 /* CustomSwitch.swift in Sources */ = {isa = PBXBuildFile; fileRef = B4EB408C293B1CB800520181 /* CustomSwitch.swift */; };
		B4EB408F293BA8DF00520181 /* AddQuestionRootView.swift in Sources */ = {isa = PBXBuildFile; fileRef = B4EB408E293BA8DF00520181 /* AddQuestionRootView.swift */; };
		B4EB4091293DA51200520181 /* QuestionDataCaretracker.swift in Sources */ = {isa = PBXBuildFile; fileRef = B4EB4090293DA51200520181 /* QuestionDataCaretracker.swift */; };
		B4EB4096293DAD0E00520181 /* QuestionCD+CoreDataClass.swift in Sources */ = {isa = PBXBuildFile; fileRef = B4EB4092293DAD0E00520181 /* QuestionCD+CoreDataClass.swift */; };
		B4EB4097293DAD0E00520181 /* QuestionCD+CoreDataProperties.swift in Sources */ = {isa = PBXBuildFile; fileRef = B4EB4093293DAD0E00520181 /* QuestionCD+CoreDataProperties.swift */; };
		B4EB4098293DAD0E00520181 /* AnswerCD+CoreDataClass.swift in Sources */ = {isa = PBXBuildFile; fileRef = B4EB4094293DAD0E00520181 /* AnswerCD+CoreDataClass.swift */; };
		B4EB4099293DAD0E00520181 /* AnswerCD+CoreDataProperties.swift in Sources */ = {isa = PBXBuildFile; fileRef = B4EB4095293DAD0E00520181 /* AnswerCD+CoreDataProperties.swift */; };
		B4FB65B52ABD903800FA0B2A /* Texts.swift in Sources */ = {isa = PBXBuildFile; fileRef = B4FB65B42ABD903800FA0B2A /* Texts.swift */; };
		B4FB65B72ABDEA0300FA0B2A /* LaunchScreenAnimatedViewController.swift in Sources */ = {isa = PBXBuildFile; fileRef = B4FB65B62ABDEA0300FA0B2A /* LaunchScreenAnimatedViewController.swift */; };
		B4FB65B92ABECAC000FA0B2A /* SecondarySystemButton.swift in Sources */ = {isa = PBXBuildFile; fileRef = B4FB65B82ABECAC000FA0B2A /* SecondarySystemButton.swift */; };
		B4FB65BB2ABED47300FA0B2A /* BaseRouter.swift in Sources */ = {isa = PBXBuildFile; fileRef = B4FB65BA2ABED47300FA0B2A /* BaseRouter.swift */; };
		B4FB65BD2ABED66F00FA0B2A /* MainViewRouter.swift in Sources */ = {isa = PBXBuildFile; fileRef = B4FB65BC2ABED66F00FA0B2A /* MainViewRouter.swift */; };
		B4FB65C12ABF0A3800FA0B2A /* SettingsRouter.swift in Sources */ = {isa = PBXBuildFile; fileRef = B4FB65C02ABF0A3800FA0B2A /* SettingsRouter.swift */; };
		B4FB65C42ABF0C5B00FA0B2A /* ResultsRouter.swift in Sources */ = {isa = PBXBuildFile; fileRef = B4FB65C32ABF0C5B00FA0B2A /* ResultsRouter.swift */; };
		B4FB65C72ABF0D3300FA0B2A /* AddQuestionRouter.swift in Sources */ = {isa = PBXBuildFile; fileRef = B4FB65C62ABF0D3300FA0B2A /* AddQuestionRouter.swift */; };
		B4FB65C92ABF0E5000FA0B2A /* GameRouter.swift in Sources */ = {isa = PBXBuildFile; fileRef = B4FB65C82ABF0E5000FA0B2A /* GameRouter.swift */; };
		B4FB65CC2ABF2BB800FA0B2A /* +UIWindow.swift in Sources */ = {isa = PBXBuildFile; fileRef = B4FB65CB2ABF2BB800FA0B2A /* +UIWindow.swift */; };
/* End PBXBuildFile section */

/* Begin PBXFileReference section */
		431E0684036019C749BA1514 /* Pods-Milllionaire.release.xcconfig */ = {isa = PBXFileReference; includeInIndex = 1; lastKnownFileType = text.xcconfig; name = "Pods-Milllionaire.release.xcconfig"; path = "Target Support Files/Pods-Milllionaire/Pods-Milllionaire.release.xcconfig"; sourceTree = "<group>"; };
		8284C7E2680724BFAE0B8F48 /* Pods_Milllionaire.framework */ = {isa = PBXFileReference; explicitFileType = wrapper.framework; includeInIndex = 0; path = Pods_Milllionaire.framework; sourceTree = BUILT_PRODUCTS_DIR; };
		B43331882ABC92110037EC42 /* Localizable.strings */ = {isa = PBXFileReference; lastKnownFileType = text.plist.strings; path = Localizable.strings; sourceTree = "<group>"; };
		B4B303BD2931F70C0053B91A /* Milllionaire.app */ = {isa = PBXFileReference; explicitFileType = wrapper.application; includeInIndex = 0; path = Milllionaire.app; sourceTree = BUILT_PRODUCTS_DIR; };
		B4B303C02931F70C0053B91A /* AppDelegate.swift */ = {isa = PBXFileReference; lastKnownFileType = sourcecode.swift; path = AppDelegate.swift; sourceTree = "<group>"; };
		B4B303C22931F70C0053B91A /* SceneDelegate.swift */ = {isa = PBXFileReference; lastKnownFileType = sourcecode.swift; path = SceneDelegate.swift; sourceTree = "<group>"; };
		B4B303C42931F70C0053B91A /* MainViewController.swift */ = {isa = PBXFileReference; lastKnownFileType = sourcecode.swift; path = MainViewController.swift; sourceTree = "<group>"; };
		B4B303CA2931F70C0053B91A /* Milllionaire.xcdatamodel */ = {isa = PBXFileReference; lastKnownFileType = wrapper.xcdatamodel; path = Milllionaire.xcdatamodel; sourceTree = "<group>"; };
		B4B303CC2931F70E0053B91A /* Assets.xcassets */ = {isa = PBXFileReference; lastKnownFileType = folder.assetcatalog; path = Assets.xcassets; sourceTree = "<group>"; };
		B4B303CF2931F70E0053B91A /* Base */ = {isa = PBXFileReference; lastKnownFileType = file.storyboard; name = Base; path = Base.lproj/LaunchScreen.storyboard; sourceTree = "<group>"; };
		B4B303D12931F70E0053B91A /* Info.plist */ = {isa = PBXFileReference; lastKnownFileType = text.plist.xml; path = Info.plist; sourceTree = "<group>"; };
		B4B303DE29328ADF0053B91A /* Question.swift */ = {isa = PBXFileReference; lastKnownFileType = sourcecode.swift; path = Question.swift; sourceTree = "<group>"; };
		B4B303E029328DA80053B91A /* QuestionData.swift */ = {isa = PBXFileReference; lastKnownFileType = sourcecode.swift; path = QuestionData.swift; sourceTree = "<group>"; };
		B4B303E2293291250053B91A /* GameViewController.swift */ = {isa = PBXFileReference; lastKnownFileType = sourcecode.swift; path = GameViewController.swift; sourceTree = "<group>"; };
		B4B303E42932A3860053B91A /* AnswerTableViewCell.swift */ = {isa = PBXFileReference; lastKnownFileType = sourcecode.swift; path = AnswerTableViewCell.swift; sourceTree = "<group>"; };
		B4B303E62932BCB10053B91A /* ResultsViewController.swift */ = {isa = PBXFileReference; lastKnownFileType = sourcecode.swift; path = ResultsViewController.swift; sourceTree = "<group>"; };
		B4B303E82932C7970053B91A /* Game.swift */ = {isa = PBXFileReference; lastKnownFileType = sourcecode.swift; path = Game.swift; sourceTree = "<group>"; };
		B4B303EA2932C85E0053B91A /* GameSession.swift */ = {isa = PBXFileReference; lastKnownFileType = sourcecode.swift; path = GameSession.swift; sourceTree = "<group>"; };
		B4B303EC29334A1D0053B91A /* Results.swift */ = {isa = PBXFileReference; lastKnownFileType = sourcecode.swift; path = Results.swift; sourceTree = "<group>"; };
		B4B303EE29337FB20053B91A /* GameCaretaker.swift */ = {isa = PBXFileReference; lastKnownFileType = sourcecode.swift; path = GameCaretaker.swift; sourceTree = "<group>"; };
		B4B303F02933974E0053B91A /* Result+CoreDataClass.swift */ = {isa = PBXFileReference; lastKnownFileType = sourcecode.swift; name = "Result+CoreDataClass.swift"; path = "Milllionaire/Service/Result+CoreDataClass.swift"; sourceTree = SOURCE_ROOT; };
		B4B303F12933974E0053B91A /* Result+CoreDataProperties.swift */ = {isa = PBXFileReference; lastKnownFileType = sourcecode.swift; name = "Result+CoreDataProperties.swift"; path = "Milllionaire/Service/Result+CoreDataProperties.swift"; sourceTree = SOURCE_ROOT; };
		B4B303F42934A3690053B91A /* SettingsViewController.swift */ = {isa = PBXFileReference; lastKnownFileType = sourcecode.swift; path = SettingsViewController.swift; sourceTree = "<group>"; };
		B4B303F62934EE9E0053B91A /* Difficulty.swift */ = {isa = PBXFileReference; lastKnownFileType = sourcecode.swift; path = Difficulty.swift; sourceTree = "<group>"; };
		B4B303F82934F6890053B91A /* ShuffleStrategy.swift */ = {isa = PBXFileReference; lastKnownFileType = sourcecode.swift; path = ShuffleStrategy.swift; sourceTree = "<group>"; };
		B4B303FA2934FB120053B91A /* MediumQuestionStrategy.swift */ = {isa = PBXFileReference; lastKnownFileType = sourcecode.swift; path = MediumQuestionStrategy.swift; sourceTree = "<group>"; };
		B4EB406629388C5500520181 /* MainRootView.swift */ = {isa = PBXFileReference; lastKnownFileType = sourcecode.swift; path = MainRootView.swift; sourceTree = "<group>"; };
		B4EB40682938995100520181 /* SettingsRootView.swift */ = {isa = PBXFileReference; lastKnownFileType = sourcecode.swift; path = SettingsRootView.swift; sourceTree = "<group>"; };
		B4EB406A29389EE100520181 /* ResultsRootView.swift */ = {isa = PBXFileReference; lastKnownFileType = sourcecode.swift; path = ResultsRootView.swift; sourceTree = "<group>"; };
		B4EB406C2938A17B00520181 /* GameRootView.swift */ = {isa = PBXFileReference; lastKnownFileType = sourcecode.swift; path = GameRootView.swift; sourceTree = "<group>"; };
		B4EB406E2938AB0400520181 /* EasyQuestionStrategy.swift */ = {isa = PBXFileReference; lastKnownFileType = sourcecode.swift; path = EasyQuestionStrategy.swift; sourceTree = "<group>"; };
		B4EB407B2939E81500520181 /* Observable.swift */ = {isa = PBXFileReference; lastKnownFileType = sourcecode.swift; path = Observable.swift; sourceTree = "<group>"; };
		B4EB407E293A229600520181 /* AddingQuestionViewController.swift */ = {isa = PBXFileReference; lastKnownFileType = sourcecode.swift; path = AddingQuestionViewController.swift; sourceTree = "<group>"; };
		B4EB4086293A635100520181 /* AddNewQuestionTableViewCell.swift */ = {isa = PBXFileReference; lastKnownFileType = sourcecode.swift; path = AddNewQuestionTableViewCell.swift; sourceTree = "<group>"; };
		B4EB4088293B11A400520181 /* AnswerTextField.swift */ = {isa = PBXFileReference; lastKnownFileType = sourcecode.swift; path = AnswerTextField.swift; sourceTree = "<group>"; };
		B4EB408A293B18C100520181 /* RoundedMainButton.swift */ = {isa = PBXFileReference; lastKnownFileType = sourcecode.swift; path = RoundedMainButton.swift; sourceTree = "<group>"; };
		B4EB408C293B1CB800520181 /* CustomSwitch.swift */ = {isa = PBXFileReference; lastKnownFileType = sourcecode.swift; path = CustomSwitch.swift; sourceTree = "<group>"; };
		B4EB408E293BA8DF00520181 /* AddQuestionRootView.swift */ = {isa = PBXFileReference; lastKnownFileType = sourcecode.swift; path = AddQuestionRootView.swift; sourceTree = "<group>"; };
		B4EB4090293DA51200520181 /* QuestionDataCaretracker.swift */ = {isa = PBXFileReference; lastKnownFileType = sourcecode.swift; path = QuestionDataCaretracker.swift; sourceTree = "<group>"; };
		B4EB4092293DAD0E00520181 /* QuestionCD+CoreDataClass.swift */ = {isa = PBXFileReference; lastKnownFileType = sourcecode.swift; path = "QuestionCD+CoreDataClass.swift"; sourceTree = SOURCE_ROOT; };
		B4EB4093293DAD0E00520181 /* QuestionCD+CoreDataProperties.swift */ = {isa = PBXFileReference; lastKnownFileType = sourcecode.swift; path = "QuestionCD+CoreDataProperties.swift"; sourceTree = SOURCE_ROOT; };
		B4EB4094293DAD0E00520181 /* AnswerCD+CoreDataClass.swift */ = {isa = PBXFileReference; lastKnownFileType = sourcecode.swift; path = "AnswerCD+CoreDataClass.swift"; sourceTree = SOURCE_ROOT; };
		B4EB4095293DAD0E00520181 /* AnswerCD+CoreDataProperties.swift */ = {isa = PBXFileReference; lastKnownFileType = sourcecode.swift; path = "AnswerCD+CoreDataProperties.swift"; sourceTree = SOURCE_ROOT; };
		B4FB65B42ABD903800FA0B2A /* Texts.swift */ = {isa = PBXFileReference; lastKnownFileType = sourcecode.swift; path = Texts.swift; sourceTree = "<group>"; };
		B4FB65B62ABDEA0300FA0B2A /* LaunchScreenAnimatedViewController.swift */ = {isa = PBXFileReference; lastKnownFileType = sourcecode.swift; path = LaunchScreenAnimatedViewController.swift; sourceTree = "<group>"; };
		B4FB65B82ABECAC000FA0B2A /* SecondarySystemButton.swift */ = {isa = PBXFileReference; lastKnownFileType = sourcecode.swift; path = SecondarySystemButton.swift; sourceTree = "<group>"; };
		B4FB65BA2ABED47300FA0B2A /* BaseRouter.swift */ = {isa = PBXFileReference; lastKnownFileType = sourcecode.swift; path = BaseRouter.swift; sourceTree = "<group>"; };
		B4FB65BC2ABED66F00FA0B2A /* MainViewRouter.swift */ = {isa = PBXFileReference; lastKnownFileType = sourcecode.swift; path = MainViewRouter.swift; sourceTree = "<group>"; };
		B4FB65C02ABF0A3800FA0B2A /* SettingsRouter.swift */ = {isa = PBXFileReference; lastKnownFileType = sourcecode.swift; path = SettingsRouter.swift; sourceTree = "<group>"; };
		B4FB65C32ABF0C5B00FA0B2A /* ResultsRouter.swift */ = {isa = PBXFileReference; lastKnownFileType = sourcecode.swift; path = ResultsRouter.swift; sourceTree = "<group>"; };
		B4FB65C62ABF0D3300FA0B2A /* AddQuestionRouter.swift */ = {isa = PBXFileReference; lastKnownFileType = sourcecode.swift; path = AddQuestionRouter.swift; sourceTree = "<group>"; };
		B4FB65C82ABF0E5000FA0B2A /* GameRouter.swift */ = {isa = PBXFileReference; lastKnownFileType = sourcecode.swift; path = GameRouter.swift; sourceTree = "<group>"; };
		B4FB65CB2ABF2BB800FA0B2A /* +UIWindow.swift */ = {isa = PBXFileReference; lastKnownFileType = sourcecode.swift; path = "+UIWindow.swift"; sourceTree = "<group>"; };
		BB81EF8A95EE402F006E0542 /* Pods-Milllionaire.debug.xcconfig */ = {isa = PBXFileReference; includeInIndex = 1; lastKnownFileType = text.xcconfig; name = "Pods-Milllionaire.debug.xcconfig"; path = "Target Support Files/Pods-Milllionaire/Pods-Milllionaire.debug.xcconfig"; sourceTree = "<group>"; };
/* End PBXFileReference section */

/* Begin PBXFrameworksBuildPhase section */
		B4B303BA2931F70C0053B91A /* Frameworks */ = {
			isa = PBXFrameworksBuildPhase;
			buildActionMask = 2147483647;
			files = (
				068F492C712C4A4111B0D4C7 /* Pods_Milllionaire.framework in Frameworks */,
			);
			runOnlyForDeploymentPostprocessing = 0;
		};
/* End PBXFrameworksBuildPhase section */

/* Begin PBXGroup section */
		7D3FB5D7B2ED7AC4191EB587 /* Frameworks */ = {
			isa = PBXGroup;
			children = (
				8284C7E2680724BFAE0B8F48 /* Pods_Milllionaire.framework */,
			);
			name = Frameworks;
			sourceTree = "<group>";
		};
		B4B303B42931F70C0053B91A = {
			isa = PBXGroup;
			children = (
				B4B303BF2931F70C0053B91A /* Milllionaire */,
				B4B303BE2931F70C0053B91A /* Products */,
				BE5AF438C9FA54481552BB5A /* Pods */,
				7D3FB5D7B2ED7AC4191EB587 /* Frameworks */,
			);
			sourceTree = "<group>";
		};
		B4B303BE2931F70C0053B91A /* Products */ = {
			isa = PBXGroup;
			children = (
				B4B303BD2931F70C0053B91A /* Milllionaire.app */,
			);
			name = Products;
			sourceTree = "<group>";
		};
		B4B303BF2931F70C0053B91A /* Milllionaire */ = {
			isa = PBXGroup;
			children = (
				B4B303C02931F70C0053B91A /* AppDelegate.swift */,
				B4B303C22931F70C0053B91A /* SceneDelegate.swift */,
				B43331882ABC92110037EC42 /* Localizable.strings */,
				B4FB65B42ABD903800FA0B2A /* Texts.swift */,
				B4FB65B62ABDEA0300FA0B2A /* LaunchScreenAnimatedViewController.swift */,
				B4FB65CB2ABF2BB800FA0B2A /* +UIWindow.swift */,
				B4FB65BF2ABEE7D500FA0B2A /* BaseRouter */,
				B4EB407D293A224500520181 /* AddingQuestion */,
				B4EB4065293889D000520181 /* Service */,
				B4EB40642938888700520181 /* Game */,
				B4EB40632938885800520181 /* Results */,
				B4EB40612938881C00520181 /* Settings */,
				B4EB40622938883000520181 /* MainView */,
				B4B303CC2931F70E0053B91A /* Assets.xcassets */,
				B4B303CE2931F70E0053B91A /* LaunchScreen.storyboard */,
				B4B303D12931F70E0053B91A /* Info.plist */,
				B4B303C92931F70C0053B91A /* Milllionaire.xcdatamodeld */,
			);
			path = Milllionaire;
			sourceTree = "<group>";
		};
		B4EB40612938881C00520181 /* Settings */ = {
			isa = PBXGroup;
			children = (
				B4FB65C22ABF0A5D00FA0B2A /* Router */,
				B4EB40702939B01D00520181 /* Model */,
				B4EB40782939B12200520181 /* View */,
				B4EB40772939B11100520181 /* Controller */,
			);
			path = Settings;
			sourceTree = "<group>";
		};
		B4EB40622938883000520181 /* MainView */ = {
			isa = PBXGroup;
			children = (
				B4EB407A2939B14E00520181 /* View */,
				B4EB40792939B14000520181 /* Controller */,
				B4FB65BE2ABEE7B200FA0B2A /* Router */,
			);
			path = MainView;
			sourceTree = "<group>";
		};
		B4EB40632938885800520181 /* Results */ = {
			isa = PBXGroup;
			children = (
				B4FB65C52ABF0CE400FA0B2A /* Router */,
				B4EB40762939B10100520181 /* Model */,
				B4EB40752939B0F600520181 /* View */,
				B4EB40742939B0E600520181 /* Controller */,
			);
			path = Results;
			sourceTree = "<group>";
		};
		B4EB40642938888700520181 /* Game */ = {
			isa = PBXGroup;
			children = (
				B4FB65CA2ABF0FAB00FA0B2A /* Router */,
				B4EB40722939B05600520181 /* Model */,
				B4EB40712939B04A00520181 /* View */,
				B4EB40732939B09300520181 /* Controller */,
			);
			path = Game;
			sourceTree = "<group>";
		};
		B4EB4065293889D000520181 /* Service */ = {
			isa = PBXGroup;
			children = (
				B4EB4092293DAD0E00520181 /* QuestionCD+CoreDataClass.swift */,
				B4EB4093293DAD0E00520181 /* QuestionCD+CoreDataProperties.swift */,
				B4EB4094293DAD0E00520181 /* AnswerCD+CoreDataClass.swift */,
				B4EB4095293DAD0E00520181 /* AnswerCD+CoreDataProperties.swift */,
				B4B303F02933974E0053B91A /* Result+CoreDataClass.swift */,
				B4B303F12933974E0053B91A /* Result+CoreDataProperties.swift */,
				B4B303EE29337FB20053B91A /* GameCaretaker.swift */,
				B4EB4090293DA51200520181 /* QuestionDataCaretracker.swift */,
			);
			path = Service;
			sourceTree = "<group>";
		};
		B4EB40702939B01D00520181 /* Model */ = {
			isa = PBXGroup;
			children = (
				B4B303F82934F6890053B91A /* ShuffleStrategy.swift */,
				B4B303FA2934FB120053B91A /* MediumQuestionStrategy.swift */,
				B4EB406E2938AB0400520181 /* EasyQuestionStrategy.swift */,
				B4B303F62934EE9E0053B91A /* Difficulty.swift */,
			);
			path = Model;
			sourceTree = "<group>";
		};
		B4EB40712939B04A00520181 /* View */ = {
			isa = PBXGroup;
			children = (
				B4B303E42932A3860053B91A /* AnswerTableViewCell.swift */,
				B4EB406C2938A17B00520181 /* GameRootView.swift */,
			);
			path = View;
			sourceTree = "<group>";
		};
		B4EB40722939B05600520181 /* Model */ = {
			isa = PBXGroup;
			children = (
				B4B303EA2932C85E0053B91A /* GameSession.swift */,
				B4B303E82932C7970053B91A /* Game.swift */,
				B4B303E029328DA80053B91A /* QuestionData.swift */,
				B4B303DE29328ADF0053B91A /* Question.swift */,
				B4EB407B2939E81500520181 /* Observable.swift */,
			);
			path = Model;
			sourceTree = "<group>";
		};
		B4EB40732939B09300520181 /* Controller */ = {
			isa = PBXGroup;
			children = (
				B4B303E2293291250053B91A /* GameViewController.swift */,
			);
			path = Controller;
			sourceTree = "<group>";
		};
		B4EB40742939B0E600520181 /* Controller */ = {
			isa = PBXGroup;
			children = (
				B4B303E62932BCB10053B91A /* ResultsViewController.swift */,
			);
			path = Controller;
			sourceTree = "<group>";
		};
		B4EB40752939B0F600520181 /* View */ = {
			isa = PBXGroup;
			children = (
				B4EB406A29389EE100520181 /* ResultsRootView.swift */,
			);
			path = View;
			sourceTree = "<group>";
		};
		B4EB40762939B10100520181 /* Model */ = {
			isa = PBXGroup;
			children = (
				B4B303EC29334A1D0053B91A /* Results.swift */,
			);
			path = Model;
			sourceTree = "<group>";
		};
		B4EB40772939B11100520181 /* Controller */ = {
			isa = PBXGroup;
			children = (
				B4B303F42934A3690053B91A /* SettingsViewController.swift */,
			);
			path = Controller;
			sourceTree = "<group>";
		};
		B4EB40782939B12200520181 /* View */ = {
			isa = PBXGroup;
			children = (
				B4EB40682938995100520181 /* SettingsRootView.swift */,
				B4EB408C293B1CB800520181 /* CustomSwitch.swift */,
			);
			path = View;
			sourceTree = "<group>";
		};
		B4EB40792939B14000520181 /* Controller */ = {
			isa = PBXGroup;
			children = (
				B4B303C42931F70C0053B91A /* MainViewController.swift */,
			);
			path = Controller;
			sourceTree = "<group>";
		};
		B4EB407A2939B14E00520181 /* View */ = {
			isa = PBXGroup;
			children = (
				B4EB406629388C5500520181 /* MainRootView.swift */,
				B4EB408A293B18C100520181 /* RoundedMainButton.swift */,
				B4FB65B82ABECAC000FA0B2A /* SecondarySystemButton.swift */,
			);
			path = View;
			sourceTree = "<group>";
		};
		B4EB407D293A224500520181 /* AddingQuestion */ = {
			isa = PBXGroup;
			children = (
				B4EB4081293A2C5300520181 /* View */,
				B4EB4080293A229F00520181 /* Controller */,
			);
			path = AddingQuestion;
			sourceTree = "<group>";
		};
		B4EB4080293A229F00520181 /* Controller */ = {
			isa = PBXGroup;
			children = (
				B4EB407E293A229600520181 /* AddingQuestionViewController.swift */,
				B4FB65C62ABF0D3300FA0B2A /* AddQuestionRouter.swift */,
			);
			path = Controller;
			sourceTree = "<group>";
		};
		B4EB4081293A2C5300520181 /* View */ = {
			isa = PBXGroup;
			children = (
				B4EB4086293A635100520181 /* AddNewQuestionTableViewCell.swift */,
				B4EB408E293BA8DF00520181 /* AddQuestionRootView.swift */,
				B4EB4088293B11A400520181 /* AnswerTextField.swift */,
			);
			path = View;
			sourceTree = "<group>";
		};
		B4FB65BE2ABEE7B200FA0B2A /* Router */ = {
			isa = PBXGroup;
			children = (
				B4FB65BC2ABED66F00FA0B2A /* MainViewRouter.swift */,
			);
			path = Router;
			sourceTree = "<group>";
		};
		B4FB65BF2ABEE7D500FA0B2A /* BaseRouter */ = {
			isa = PBXGroup;
			children = (
				B4FB65BA2ABED47300FA0B2A /* BaseRouter.swift */,
			);
			path = BaseRouter;
			sourceTree = "<group>";
		};
		B4FB65C22ABF0A5D00FA0B2A /* Router */ = {
			isa = PBXGroup;
			children = (
				B4FB65C02ABF0A3800FA0B2A /* SettingsRouter.swift */,
			);
			path = Router;
			sourceTree = "<group>";
		};
		B4FB65C52ABF0CE400FA0B2A /* Router */ = {
			isa = PBXGroup;
			children = (
				B4FB65C32ABF0C5B00FA0B2A /* ResultsRouter.swift */,
			);
			path = Router;
			sourceTree = "<group>";
		};
		B4FB65CA2ABF0FAB00FA0B2A /* Router */ = {
			isa = PBXGroup;
			children = (
				B4FB65C82ABF0E5000FA0B2A /* GameRouter.swift */,
			);
			path = Router;
			sourceTree = "<group>";
		};
		BE5AF438C9FA54481552BB5A /* Pods */ = {
			isa = PBXGroup;
			children = (
				BB81EF8A95EE402F006E0542 /* Pods-Milllionaire.debug.xcconfig */,
				431E0684036019C749BA1514 /* Pods-Milllionaire.release.xcconfig */,
			);
			path = Pods;
			sourceTree = "<group>";
		};
/* End PBXGroup section */

/* Begin PBXNativeTarget section */
		B4B303BC2931F70C0053B91A /* Milllionaire */ = {
			isa = PBXNativeTarget;
			buildConfigurationList = B4B303D42931F70E0053B91A /* Build configuration list for PBXNativeTarget "Milllionaire" */;
			buildPhases = (
				5E1894F85ABECF419721A717 /* [CP] Check Pods Manifest.lock */,
				B4B303B92931F70C0053B91A /* Sources */,
				B4B303BA2931F70C0053B91A /* Frameworks */,
				B4B303BB2931F70C0053B91A /* Resources */,
				979640E6C8025DCB9083F48A /* [CP] Embed Pods Frameworks */,
				B4A888682AC001C900E768A9 /* ShellScript */,
			);
			buildRules = (
			);
			dependencies = (
			);
			name = Milllionaire;
			productName = Milllionaire;
			productReference = B4B303BD2931F70C0053B91A /* Milllionaire.app */;
			productType = "com.apple.product-type.application";
		};
/* End PBXNativeTarget section */

/* Begin PBXProject section */
		B4B303B52931F70C0053B91A /* Project object */ = {
			isa = PBXProject;
			attributes = {
				BuildIndependentTargetsInParallel = 1;
				LastSwiftUpdateCheck = 1410;
				LastUpgradeCheck = 1410;
				TargetAttributes = {
					B4B303BC2931F70C0053B91A = {
						CreatedOnToolsVersion = 14.1;
					};
				};
			};
			buildConfigurationList = B4B303B82931F70C0053B91A /* Build configuration list for PBXProject "Milllionaire" */;
			compatibilityVersion = "Xcode 14.0";
			developmentRegion = en;
			hasScannedForEncodings = 0;
			knownRegions = (
				en,
				Base,
			);
			mainGroup = B4B303B42931F70C0053B91A;
			productRefGroup = B4B303BE2931F70C0053B91A /* Products */;
			projectDirPath = "";
			projectRoot = "";
			targets = (
				B4B303BC2931F70C0053B91A /* Milllionaire */,
			);
		};
/* End PBXProject section */

/* Begin PBXResourcesBuildPhase section */
		B4B303BB2931F70C0053B91A /* Resources */ = {
			isa = PBXResourcesBuildPhase;
			buildActionMask = 2147483647;
			files = (
				B4B303D02931F70E0053B91A /* LaunchScreen.storyboard in Resources */,
				B43331892ABC92110037EC42 /* Localizable.strings in Resources */,
				B4B303CD2931F70E0053B91A /* Assets.xcassets in Resources */,
			);
			runOnlyForDeploymentPostprocessing = 0;
		};
/* End PBXResourcesBuildPhase section */

/* Begin PBXShellScriptBuildPhase section */
		5E1894F85ABECF419721A717 /* [CP] Check Pods Manifest.lock */ = {
			isa = PBXShellScriptBuildPhase;
			buildActionMask = 2147483647;
			files = (
			);
			inputFileListPaths = (
			);
			inputPaths = (
				"${PODS_PODFILE_DIR_PATH}/Podfile.lock",
				"${PODS_ROOT}/Manifest.lock",
			);
			name = "[CP] Check Pods Manifest.lock";
			outputFileListPaths = (
			);
			outputPaths = (
				"$(DERIVED_FILE_DIR)/Pods-Milllionaire-checkManifestLockResult.txt",
			);
			runOnlyForDeploymentPostprocessing = 0;
			shellPath = /bin/sh;
			shellScript = "diff \"${PODS_PODFILE_DIR_PATH}/Podfile.lock\" \"${PODS_ROOT}/Manifest.lock\" > /dev/null\nif [ $? != 0 ] ; then\n    # print error to STDERR\n    echo \"error: The sandbox is not in sync with the Podfile.lock. Run 'pod install' or update your CocoaPods installation.\" >&2\n    exit 1\nfi\n# This output is used by Xcode 'outputs' to avoid re-running this script phase.\necho \"SUCCESS\" > \"${SCRIPT_OUTPUT_FILE_0}\"\n";
			showEnvVarsInLog = 0;
		};
		979640E6C8025DCB9083F48A /* [CP] Embed Pods Frameworks */ = {
			isa = PBXShellScriptBuildPhase;
			buildActionMask = 2147483647;
			files = (
			);
			inputFileListPaths = (
				"${PODS_ROOT}/Target Support Files/Pods-Milllionaire/Pods-Milllionaire-frameworks-${CONFIGURATION}-input-files.xcfilelist",
			);
			name = "[CP] Embed Pods Frameworks";
			outputFileListPaths = (
				"${PODS_ROOT}/Target Support Files/Pods-Milllionaire/Pods-Milllionaire-frameworks-${CONFIGURATION}-output-files.xcfilelist",
			);
			runOnlyForDeploymentPostprocessing = 0;
			shellPath = /bin/sh;
			shellScript = "\"${PODS_ROOT}/Target Support Files/Pods-Milllionaire/Pods-Milllionaire-frameworks.sh\"\n";
			showEnvVarsInLog = 0;
		};
		B4A888682AC001C900E768A9 /* ShellScript */ = {
			isa = PBXShellScriptBuildPhase;
			buildActionMask = 2147483647;
			files = (
			);
			inputFileListPaths = (
			);
			inputPaths = (
			);
			outputFileListPaths = (
			);
			outputPaths = (
			);
			runOnlyForDeploymentPostprocessing = 0;
			shellPath = /bin/sh;
			shellScript = "if which swiftlint > /dev/null; then\n  swiftlint\nelse\n  echo \"warning: SwiftLint not installed, download from https://github.com/realm/SwiftLint\"\nfi\n";
		};
/* End PBXShellScriptBuildPhase section */

/* Begin PBXSourcesBuildPhase section */
		B4B303B92931F70C0053B91A /* Sources */ = {
			isa = PBXSourcesBuildPhase;
			buildActionMask = 2147483647;
			files = (
				B4B303EB2932C85E0053B91A /* GameSession.swift in Sources */,
				B4B303E3293291250053B91A /* GameViewController.swift in Sources */,
				B4EB4087293A635100520181 /* AddNewQuestionTableViewCell.swift in Sources */,
				B4FB65C12ABF0A3800FA0B2A /* SettingsRouter.swift in Sources */,
				B4B303F92934F6890053B91A /* ShuffleStrategy.swift in Sources */,
				B4B303F22933974E0053B91A /* Result+CoreDataClass.swift in Sources */,
				B4EB408B293B18C100520181 /* RoundedMainButton.swift in Sources */,
				B4FB65B72ABDEA0300FA0B2A /* LaunchScreenAnimatedViewController.swift in Sources */,
				B4FB65BB2ABED47300FA0B2A /* BaseRouter.swift in Sources */,
				B4EB4097293DAD0E00520181 /* QuestionCD+CoreDataProperties.swift in Sources */,
				B4EB40692938995100520181 /* SettingsRootView.swift in Sources */,
				B4FB65C42ABF0C5B00FA0B2A /* ResultsRouter.swift in Sources */,
				B4EB407F293A229600520181 /* AddingQuestionViewController.swift in Sources */,
				B4B303E92932C7970053B91A /* Game.swift in Sources */,
				B4FB65CC2ABF2BB800FA0B2A /* +UIWindow.swift in Sources */,
				B4B303EF29337FB20053B91A /* GameCaretaker.swift in Sources */,
				B4EB4098293DAD0E00520181 /* AnswerCD+CoreDataClass.swift in Sources */,
				B4EB406B29389EE100520181 /* ResultsRootView.swift in Sources */,
				B4FB65B92ABECAC000FA0B2A /* SecondarySystemButton.swift in Sources */,
				B4B303DF29328ADF0053B91A /* Question.swift in Sources */,
				B4B303C52931F70C0053B91A /* MainViewController.swift in Sources */,
				B4FB65C72ABF0D3300FA0B2A /* AddQuestionRouter.swift in Sources */,
				B4B303F52934A3690053B91A /* SettingsViewController.swift in Sources */,
				B4EB407C2939E81500520181 /* Observable.swift in Sources */,
				B4EB4096293DAD0E00520181 /* QuestionCD+CoreDataClass.swift in Sources */,
				B4B303C12931F70C0053B91A /* AppDelegate.swift in Sources */,
				B4B303F32933974E0053B91A /* Result+CoreDataProperties.swift in Sources */,
				B4B303FB2934FB120053B91A /* MediumQuestionStrategy.swift in Sources */,
				B4FB65B52ABD903800FA0B2A /* Texts.swift in Sources */,
				B4B303ED29334A1D0053B91A /* Results.swift in Sources */,
				B4EB4091293DA51200520181 /* QuestionDataCaretracker.swift in Sources */,
				B4EB408F293BA8DF00520181 /* AddQuestionRootView.swift in Sources */,
				B4EB406729388C5500520181 /* MainRootView.swift in Sources */,
				B4B303E129328DA80053B91A /* QuestionData.swift in Sources */,
				B4B303E72932BCB10053B91A /* ResultsViewController.swift in Sources */,
				B4EB408D293B1CB800520181 /* CustomSwitch.swift in Sources */,
				B4EB406F2938AB0400520181 /* EasyQuestionStrategy.swift in Sources */,
				B4B303CB2931F70C0053B91A /* Milllionaire.xcdatamodeld in Sources */,
				B4EB4099293DAD0E00520181 /* AnswerCD+CoreDataProperties.swift in Sources */,
				B4EB406D2938A17B00520181 /* GameRootView.swift in Sources */,
				B4EB4089293B11A400520181 /* AnswerTextField.swift in Sources */,
				B4FB65C92ABF0E5000FA0B2A /* GameRouter.swift in Sources */,
				B4B303F72934EE9E0053B91A /* Difficulty.swift in Sources */,
				B4B303C32931F70C0053B91A /* SceneDelegate.swift in Sources */,
				B4B303E52932A3860053B91A /* AnswerTableViewCell.swift in Sources */,
				B4FB65BD2ABED66F00FA0B2A /* MainViewRouter.swift in Sources */,
			);
			runOnlyForDeploymentPostprocessing = 0;
		};
/* End PBXSourcesBuildPhase section */

/* Begin PBXVariantGroup section */
		B4B303CE2931F70E0053B91A /* LaunchScreen.storyboard */ = {
			isa = PBXVariantGroup;
			children = (
				B4B303CF2931F70E0053B91A /* Base */,
			);
			name = LaunchScreen.storyboard;
			sourceTree = "<group>";
		};
/* End PBXVariantGroup section */

/* Begin XCBuildConfiguration section */
		B4B303D22931F70E0053B91A /* Debug */ = {
			isa = XCBuildConfiguration;
			buildSettings = {
				ALWAYS_SEARCH_USER_PATHS = NO;
				CLANG_ANALYZER_NONNULL = YES;
				CLANG_ANALYZER_NUMBER_OBJECT_CONVERSION = YES_AGGRESSIVE;
				CLANG_CXX_LANGUAGE_STANDARD = "gnu++20";
				CLANG_ENABLE_MODULES = YES;
				CLANG_ENABLE_OBJC_ARC = YES;
				CLANG_ENABLE_OBJC_WEAK = YES;
				CLANG_WARN_BLOCK_CAPTURE_AUTORELEASING = YES;
				CLANG_WARN_BOOL_CONVERSION = YES;
				CLANG_WARN_COMMA = YES;
				CLANG_WARN_CONSTANT_CONVERSION = YES;
				CLANG_WARN_DEPRECATED_OBJC_IMPLEMENTATIONS = YES;
				CLANG_WARN_DIRECT_OBJC_ISA_USAGE = YES_ERROR;
				CLANG_WARN_DOCUMENTATION_COMMENTS = YES;
				CLANG_WARN_EMPTY_BODY = YES;
				CLANG_WARN_ENUM_CONVERSION = YES;
				CLANG_WARN_INFINITE_RECURSION = YES;
				CLANG_WARN_INT_CONVERSION = YES;
				CLANG_WARN_NON_LITERAL_NULL_CONVERSION = YES;
				CLANG_WARN_OBJC_IMPLICIT_RETAIN_SELF = YES;
				CLANG_WARN_OBJC_LITERAL_CONVERSION = YES;
				CLANG_WARN_OBJC_ROOT_CLASS = YES_ERROR;
				CLANG_WARN_QUOTED_INCLUDE_IN_FRAMEWORK_HEADER = YES;
				CLANG_WARN_RANGE_LOOP_ANALYSIS = YES;
				CLANG_WARN_STRICT_PROTOTYPES = YES;
				CLANG_WARN_SUSPICIOUS_MOVE = YES;
				CLANG_WARN_UNGUARDED_AVAILABILITY = YES_AGGRESSIVE;
				CLANG_WARN_UNREACHABLE_CODE = YES;
				CLANG_WARN__DUPLICATE_METHOD_MATCH = YES;
				COPY_PHASE_STRIP = NO;
				DEBUG_INFORMATION_FORMAT = dwarf;
				ENABLE_STRICT_OBJC_MSGSEND = YES;
				ENABLE_TESTABILITY = YES;
				GCC_C_LANGUAGE_STANDARD = gnu11;
				GCC_DYNAMIC_NO_PIC = NO;
				GCC_NO_COMMON_BLOCKS = YES;
				GCC_OPTIMIZATION_LEVEL = 0;
				GCC_PREPROCESSOR_DEFINITIONS = (
					"DEBUG=1",
					"$(inherited)",
				);
				GCC_WARN_64_TO_32_BIT_CONVERSION = YES;
				GCC_WARN_ABOUT_RETURN_TYPE = YES_ERROR;
				GCC_WARN_UNDECLARED_SELECTOR = YES;
				GCC_WARN_UNINITIALIZED_AUTOS = YES_AGGRESSIVE;
				GCC_WARN_UNUSED_FUNCTION = YES;
				GCC_WARN_UNUSED_VARIABLE = YES;
				IPHONEOS_DEPLOYMENT_TARGET = 16.1;
				MTL_ENABLE_DEBUG_INFO = INCLUDE_SOURCE;
				MTL_FAST_MATH = YES;
				ONLY_ACTIVE_ARCH = YES;
				SDKROOT = iphoneos;
				SWIFT_ACTIVE_COMPILATION_CONDITIONS = DEBUG;
				SWIFT_OPTIMIZATION_LEVEL = "-Onone";
			};
			name = Debug;
		};
		B4B303D32931F70E0053B91A /* Release */ = {
			isa = XCBuildConfiguration;
			buildSettings = {
				ALWAYS_SEARCH_USER_PATHS = NO;
				CLANG_ANALYZER_NONNULL = YES;
				CLANG_ANALYZER_NUMBER_OBJECT_CONVERSION = YES_AGGRESSIVE;
				CLANG_CXX_LANGUAGE_STANDARD = "gnu++20";
				CLANG_ENABLE_MODULES = YES;
				CLANG_ENABLE_OBJC_ARC = YES;
				CLANG_ENABLE_OBJC_WEAK = YES;
				CLANG_WARN_BLOCK_CAPTURE_AUTORELEASING = YES;
				CLANG_WARN_BOOL_CONVERSION = YES;
				CLANG_WARN_COMMA = YES;
				CLANG_WARN_CONSTANT_CONVERSION = YES;
				CLANG_WARN_DEPRECATED_OBJC_IMPLEMENTATIONS = YES;
				CLANG_WARN_DIRECT_OBJC_ISA_USAGE = YES_ERROR;
				CLANG_WARN_DOCUMENTATION_COMMENTS = YES;
				CLANG_WARN_EMPTY_BODY = YES;
				CLANG_WARN_ENUM_CONVERSION = YES;
				CLANG_WARN_INFINITE_RECURSION = YES;
				CLANG_WARN_INT_CONVERSION = YES;
				CLANG_WARN_NON_LITERAL_NULL_CONVERSION = YES;
				CLANG_WARN_OBJC_IMPLICIT_RETAIN_SELF = YES;
				CLANG_WARN_OBJC_LITERAL_CONVERSION = YES;
				CLANG_WARN_OBJC_ROOT_CLASS = YES_ERROR;
				CLANG_WARN_QUOTED_INCLUDE_IN_FRAMEWORK_HEADER = YES;
				CLANG_WARN_RANGE_LOOP_ANALYSIS = YES;
				CLANG_WARN_STRICT_PROTOTYPES = YES;
				CLANG_WARN_SUSPICIOUS_MOVE = YES;
				CLANG_WARN_UNGUARDED_AVAILABILITY = YES_AGGRESSIVE;
				CLANG_WARN_UNREACHABLE_CODE = YES;
				CLANG_WARN__DUPLICATE_METHOD_MATCH = YES;
				COPY_PHASE_STRIP = NO;
				DEBUG_INFORMATION_FORMAT = "dwarf-with-dsym";
				ENABLE_NS_ASSERTIONS = NO;
				ENABLE_STRICT_OBJC_MSGSEND = YES;
				GCC_C_LANGUAGE_STANDARD = gnu11;
				GCC_NO_COMMON_BLOCKS = YES;
				GCC_WARN_64_TO_32_BIT_CONVERSION = YES;
				GCC_WARN_ABOUT_RETURN_TYPE = YES_ERROR;
				GCC_WARN_UNDECLARED_SELECTOR = YES;
				GCC_WARN_UNINITIALIZED_AUTOS = YES_AGGRESSIVE;
				GCC_WARN_UNUSED_FUNCTION = YES;
				GCC_WARN_UNUSED_VARIABLE = YES;
				IPHONEOS_DEPLOYMENT_TARGET = 16.1;
				MTL_ENABLE_DEBUG_INFO = NO;
				MTL_FAST_MATH = YES;
				SDKROOT = iphoneos;
				SWIFT_COMPILATION_MODE = wholemodule;
				SWIFT_OPTIMIZATION_LEVEL = "-O";
				VALIDATE_PRODUCT = YES;
			};
			name = Release;
		};
		B4B303D52931F70E0053B91A /* Debug */ = {
			isa = XCBuildConfiguration;
			baseConfigurationReference = BB81EF8A95EE402F006E0542 /* Pods-Milllionaire.debug.xcconfig */;
			buildSettings = {
				ASSETCATALOG_COMPILER_APPICON_NAME = AppIcon;
				ASSETCATALOG_COMPILER_GLOBAL_ACCENT_COLOR_NAME = AccentColor;
				CODE_SIGN_STYLE = Automatic;
				CURRENT_PROJECT_VERSION = 1;
				DEVELOPMENT_TEAM = AD4W7X6593;
				GENERATE_INFOPLIST_FILE = YES;
				INFOPLIST_FILE = Milllionaire/Info.plist;
				INFOPLIST_KEY_UIApplicationSupportsIndirectInputEvents = YES;
				INFOPLIST_KEY_UILaunchStoryboardName = LaunchScreen;
				INFOPLIST_KEY_UIMainStoryboardFile = "";
				INFOPLIST_KEY_UISupportedInterfaceOrientations_iPad = "UIInterfaceOrientationPortrait UIInterfaceOrientationPortraitUpsideDown UIInterfaceOrientationLandscapeLeft UIInterfaceOrientationLandscapeRight";
				INFOPLIST_KEY_UISupportedInterfaceOrientations_iPhone = "UIInterfaceOrientationPortrait UIInterfaceOrientationLandscapeLeft UIInterfaceOrientationLandscapeRight";
				LD_RUNPATH_SEARCH_PATHS = (
					"$(inherited)",
					"@executable_path/Frameworks",
				);
				MARKETING_VERSION = 1.0;
				PRODUCT_BUNDLE_IDENTIFIER = "-.Milllionaire";
				PRODUCT_NAME = "$(TARGET_NAME)";
				SWIFT_EMIT_LOC_STRINGS = YES;
				SWIFT_VERSION = 5.0;
				TARGETED_DEVICE_FAMILY = "1,2";
			};
			name = Debug;
		};
		B4B303D62931F70E0053B91A /* Release */ = {
			isa = XCBuildConfiguration;
			baseConfigurationReference = 431E0684036019C749BA1514 /* Pods-Milllionaire.release.xcconfig */;
			buildSettings = {
				ASSETCATALOG_COMPILER_APPICON_NAME = AppIcon;
				ASSETCATALOG_COMPILER_GLOBAL_ACCENT_COLOR_NAME = AccentColor;
				CODE_SIGN_STYLE = Automatic;
				CURRENT_PROJECT_VERSION = 1;
				DEVELOPMENT_TEAM = AD4W7X6593;
				GENERATE_INFOPLIST_FILE = YES;
				INFOPLIST_FILE = Milllionaire/Info.plist;
				INFOPLIST_KEY_UIApplicationSupportsIndirectInputEvents = YES;
				INFOPLIST_KEY_UILaunchStoryboardName = LaunchScreen;
				INFOPLIST_KEY_UIMainStoryboardFile = "";
				INFOPLIST_KEY_UISupportedInterfaceOrientations_iPad = "UIInterfaceOrientationPortrait UIInterfaceOrientationPortraitUpsideDown UIInterfaceOrientationLandscapeLeft UIInterfaceOrientationLandscapeRight";
				INFOPLIST_KEY_UISupportedInterfaceOrientations_iPhone = "UIInterfaceOrientationPortrait UIInterfaceOrientationLandscapeLeft UIInterfaceOrientationLandscapeRight";
				LD_RUNPATH_SEARCH_PATHS = (
					"$(inherited)",
					"@executable_path/Frameworks",
				);
				MARKETING_VERSION = 1.0;
				PRODUCT_BUNDLE_IDENTIFIER = "-.Milllionaire";
				PRODUCT_NAME = "$(TARGET_NAME)";
				SWIFT_EMIT_LOC_STRINGS = YES;
				SWIFT_VERSION = 5.0;
				TARGETED_DEVICE_FAMILY = "1,2";
			};
			name = Release;
		};
/* End XCBuildConfiguration section */

/* Begin XCConfigurationList section */
		B4B303B82931F70C0053B91A /* Build configuration list for PBXProject "Milllionaire" */ = {
			isa = XCConfigurationList;
			buildConfigurations = (
				B4B303D22931F70E0053B91A /* Debug */,
				B4B303D32931F70E0053B91A /* Release */,
			);
			defaultConfigurationIsVisible = 0;
			defaultConfigurationName = Release;
		};
		B4B303D42931F70E0053B91A /* Build configuration list for PBXNativeTarget "Milllionaire" */ = {
			isa = XCConfigurationList;
			buildConfigurations = (
				B4B303D52931F70E0053B91A /* Debug */,
				B4B303D62931F70E0053B91A /* Release */,
			);
			defaultConfigurationIsVisible = 0;
			defaultConfigurationName = Release;
		};
/* End XCConfigurationList section */

/* Begin XCVersionGroup section */
		B4B303C92931F70C0053B91A /* Milllionaire.xcdatamodeld */ = {
			isa = XCVersionGroup;
			children = (
				B4B303CA2931F70C0053B91A /* Milllionaire.xcdatamodel */,
			);
			currentVersion = B4B303CA2931F70C0053B91A /* Milllionaire.xcdatamodel */;
			path = Milllionaire.xcdatamodeld;
			sourceTree = "<group>";
			versionGroupType = wrapper.xcdatamodel;
		};
/* End XCVersionGroup section */
	};
	rootObject = B4B303B52931F70C0053B91A /* Project object */;
}
