// !$*UTF8*$!
{
	archiveVersion = 1;
	classes = {
	};
	objectVersion = 56;
	objects = {

/* Begin PBXBuildFile section */
		B459F1062A18A227000231EC /* Localizable.strings in Resources */ = {isa = PBXBuildFile; fileRef = B459F1082A18A227000231EC /* Localizable.strings */; };
		B459F10C2A18A284000231EC /* InfoPlist.strings in Resources */ = {isa = PBXBuildFile; fileRef = B459F10E2A18A284000231EC /* InfoPlist.strings */; };
		B459F1132A18A5BC000231EC /* LocalizationKeys.swift in Sources */ = {isa = PBXBuildFile; fileRef = B459F1122A18A5BC000231EC /* LocalizationKeys.swift */; };
		B459F1142A18A77E000231EC /* Localizable.stringsdict in Resources */ = {isa = PBXBuildFile; fileRef = B459F1162A18A77E000231EC /* Localizable.stringsdict */; };
		B496435F2A1A66DB002DC91F /* WhiteSymbolButton.swift in Sources */ = {isa = PBXBuildFile; fileRef = B496435E2A1A66DB002DC91F /* WhiteSymbolButton.swift */; };
		B49643612A1A694D002DC91F /* SizeClassesCompitable.swift in Sources */ = {isa = PBXBuildFile; fileRef = B49643602A1A694D002DC91F /* SizeClassesCompitable.swift */; };
		B49643632A1A72CE002DC91F /* Constants.swift in Sources */ = {isa = PBXBuildFile; fileRef = B49643622A1A72CE002DC91F /* Constants.swift */; };
		B49643662A1A7A6C002DC91F /* GameViewControllerDelegate.swift in Sources */ = {isa = PBXBuildFile; fileRef = B49643652A1A7A6C002DC91F /* GameViewControllerDelegate.swift */; };
		B4B303C12931F70C0053B91A /* AppDelegate.swift in Sources */ = {isa = PBXBuildFile; fileRef = B4B303C02931F70C0053B91A /* AppDelegate.swift */; };
		B4B303C32931F70C0053B91A /* SceneDelegate.swift in Sources */ = {isa = PBXBuildFile; fileRef = B4B303C22931F70C0053B91A /* SceneDelegate.swift */; };
		B4B303C52931F70C0053B91A /* MainViewController.swift in Sources */ = {isa = PBXBuildFile; fileRef = B4B303C42931F70C0053B91A /* MainViewController.swift */; };
		B4B303CB2931F70C0053B91A /* Milllionaire.xcdatamodeld in Sources */ = {isa = PBXBuildFile; fileRef = B4B303C92931F70C0053B91A /* Milllionaire.xcdatamodeld */; };
		B4B303CD2931F70E0053B91A /* Assets.xcassets in Resources */ = {isa = PBXBuildFile; fileRef = B4B303CC2931F70E0053B91A /* Assets.xcassets */; };
		B4B303D02931F70E0053B91A /* LaunchScreen.storyboard in Resources */ = {isa = PBXBuildFile; fileRef = B4B303CE2931F70E0053B91A /* LaunchScreen.storyboard */; };
		B4B303DF29328ADF0053B91A /* Question.swift in Sources */ = {isa = PBXBuildFile; fileRef = B4B303DE29328ADF0053B91A /* Question.swift */; };
		B4B303E129328DA80053B91A /* QuestionData.swift in Sources */ = {isa = PBXBuildFile; fileRef = B4B303E029328DA80053B91A /* QuestionData.swift */; };
		B4B303E3293291250053B91A /* GameViewController.swift in Sources */ = {isa = PBXBuildFile; fileRef = B4B303E2293291250053B91A /* GameViewController.swift */; };
		B4B303E52932A3860053B91A /* AnswerTableViewCell.swift in Sources */ = {isa = PBXBuildFile; fileRef = B4B303E42932A3860053B91A /* AnswerTableViewCell.swift */; };
		B4B303E72932BCB10053B91A /* ResultsViewController.swift in Sources */ = {isa = PBXBuildFile; fileRef = B4B303E62932BCB10053B91A /* ResultsViewController.swift */; };
		B4B303E92932C7970053B91A /* Game.swift in Sources */ = {isa = PBXBuildFile; fileRef = B4B303E82932C7970053B91A /* Game.swift */; };
		B4B303EB2932C85E0053B91A /* GameSession.swift in Sources */ = {isa = PBXBuildFile; fileRef = B4B303EA2932C85E0053B91A /* GameSession.swift */; };
		B4B303ED29334A1D0053B91A /* Results.swift in Sources */ = {isa = PBXBuildFile; fileRef = B4B303EC29334A1D0053B91A /* Results.swift */; };
		B4B303EF29337FB20053B91A /* GameCaretaker.swift in Sources */ = {isa = PBXBuildFile; fileRef = B4B303EE29337FB20053B91A /* GameCaretaker.swift */; };
		B4B303F22933974E0053B91A /* Result+CoreDataClass.swift in Sources */ = {isa = PBXBuildFile; fileRef = B4B303F02933974E0053B91A /* Result+CoreDataClass.swift */; };
		B4B303F32933974E0053B91A /* Result+CoreDataProperties.swift in Sources */ = {isa = PBXBuildFile; fileRef = B4B303F12933974E0053B91A /* Result+CoreDataProperties.swift */; };
		B4B303F52934A3690053B91A /* SettingsViewController.swift in Sources */ = {isa = PBXBuildFile; fileRef = B4B303F42934A3690053B91A /* SettingsViewController.swift */; };
		B4B303F72934EE9E0053B91A /* Difficulty.swift in Sources */ = {isa = PBXBuildFile; fileRef = B4B303F62934EE9E0053B91A /* Difficulty.swift */; };
		B4B303F92934F6890053B91A /* ShuffleStrategy.swift in Sources */ = {isa = PBXBuildFile; fileRef = B4B303F82934F6890053B91A /* ShuffleStrategy.swift */; };
		B4B303FB2934FB120053B91A /* MediumQuestionStrategy.swift in Sources */ = {isa = PBXBuildFile; fileRef = B4B303FA2934FB120053B91A /* MediumQuestionStrategy.swift */; };
		B4EB406729388C5500520181 /* MainRootView.swift in Sources */ = {isa = PBXBuildFile; fileRef = B4EB406629388C5500520181 /* MainRootView.swift */; };
		B4EB40692938995100520181 /* SettingsRootView.swift in Sources */ = {isa = PBXBuildFile; fileRef = B4EB40682938995100520181 /* SettingsRootView.swift */; };
		B4EB406B29389EE100520181 /* ResultsRootView.swift in Sources */ = {isa = PBXBuildFile; fileRef = B4EB406A29389EE100520181 /* ResultsRootView.swift */; };
		B4EB406D2938A17B00520181 /* GameRootView.swift in Sources */ = {isa = PBXBuildFile; fileRef = B4EB406C2938A17B00520181 /* GameRootView.swift */; };
		B4EB406F2938AB0400520181 /* EasyQuestionStrategy.swift in Sources */ = {isa = PBXBuildFile; fileRef = B4EB406E2938AB0400520181 /* EasyQuestionStrategy.swift */; };
		B4EB407C2939E81500520181 /* Observable.swift in Sources */ = {isa = PBXBuildFile; fileRef = B4EB407B2939E81500520181 /* Observable.swift */; };
		B4EB407F293A229600520181 /* AddingQuestionViewController.swift in Sources */ = {isa = PBXBuildFile; fileRef = B4EB407E293A229600520181 /* AddingQuestionViewController.swift */; };
		B4EB4087293A635100520181 /* AddNewQuestionTableViewCell.swift in Sources */ = {isa = PBXBuildFile; fileRef = B4EB4086293A635100520181 /* AddNewQuestionTableViewCell.swift */; };
		B4EB4089293B11A400520181 /* AnswerTextField.swift in Sources */ = {isa = PBXBuildFile; fileRef = B4EB4088293B11A400520181 /* AnswerTextField.swift */; };
		B4EB408B293B18C100520181 /* PurpleButton.swift in Sources */ = {isa = PBXBuildFile; fileRef = B4EB408A293B18C100520181 /* PurpleButton.swift */; };
		B4EB408D293B1CB800520181 /* CustomSwitch.swift in Sources */ = {isa = PBXBuildFile; fileRef = B4EB408C293B1CB800520181 /* CustomSwitch.swift */; };
		B4EB408F293BA8DF00520181 /* AddQuestionRootView.swift in Sources */ = {isa = PBXBuildFile; fileRef = B4EB408E293BA8DF00520181 /* AddQuestionRootView.swift */; };
		B4EB4091293DA51200520181 /* QuestionDataCaretracker.swift in Sources */ = {isa = PBXBuildFile; fileRef = B4EB4090293DA51200520181 /* QuestionDataCaretracker.swift */; };
		B4EB4096293DAD0E00520181 /* QuestionCD+CoreDataClass.swift in Sources */ = {isa = PBXBuildFile; fileRef = B4EB4092293DAD0E00520181 /* QuestionCD+CoreDataClass.swift */; };
		B4EB4097293DAD0E00520181 /* QuestionCD+CoreDataProperties.swift in Sources */ = {isa = PBXBuildFile; fileRef = B4EB4093293DAD0E00520181 /* QuestionCD+CoreDataProperties.swift */; };
		B4EB4098293DAD0E00520181 /* AnswerCD+CoreDataClass.swift in Sources */ = {isa = PBXBuildFile; fileRef = B4EB4094293DAD0E00520181 /* AnswerCD+CoreDataClass.swift */; };
		B4EB4099293DAD0E00520181 /* AnswerCD+CoreDataProperties.swift in Sources */ = {isa = PBXBuildFile; fileRef = B4EB4095293DAD0E00520181 /* AnswerCD+CoreDataProperties.swift */; };
/* End PBXBuildFile section */

/* Begin PBXFileReference section */
		B459F1022A18A023000231EC /* ru */ = {isa = PBXFileReference; lastKnownFileType = text.plist.strings; name = ru; path = ru.lproj/LaunchScreen.strings; sourceTree = "<group>"; };
		B459F1072A18A227000231EC /* ru */ = {isa = PBXFileReference; lastKnownFileType = text.plist.strings; name = ru; path = ru.lproj/Localizable.strings; sourceTree = "<group>"; };
		B459F1092A18A235000231EC /* en */ = {isa = PBXFileReference; lastKnownFileType = text.plist.strings; name = en; path = en.lproj/Localizable.strings; sourceTree = "<group>"; };
		B459F10D2A18A284000231EC /* en */ = {isa = PBXFileReference; lastKnownFileType = text.plist.strings; name = en; path = en.lproj/InfoPlist.strings; sourceTree = "<group>"; };
		B459F10F2A18A288000231EC /* ru */ = {isa = PBXFileReference; lastKnownFileType = text.plist.strings; name = ru; path = ru.lproj/InfoPlist.strings; sourceTree = "<group>"; };
		B459F1122A18A5BC000231EC /* LocalizationKeys.swift */ = {isa = PBXFileReference; lastKnownFileType = sourcecode.swift; path = LocalizationKeys.swift; sourceTree = "<group>"; };
		B459F1152A18A77E000231EC /* en */ = {isa = PBXFileReference; lastKnownFileType = text.plist.stringsdict; name = en; path = en.lproj/Localizable.stringsdict; sourceTree = "<group>"; };
		B459F1172A18A780000231EC /* ru */ = {isa = PBXFileReference; lastKnownFileType = text.plist.stringsdict; name = ru; path = ru.lproj/Localizable.stringsdict; sourceTree = "<group>"; };
		B459F1182A18B48F000231EC /* ar */ = {isa = PBXFileReference; lastKnownFileType = text.plist.strings; name = ar; path = ar.lproj/LaunchScreen.strings; sourceTree = "<group>"; };
		B459F1192A18B48F000231EC /* ar */ = {isa = PBXFileReference; lastKnownFileType = text.plist.strings; name = ar; path = ar.lproj/Localizable.strings; sourceTree = "<group>"; };
		B459F11A2A18B490000231EC /* ar */ = {isa = PBXFileReference; lastKnownFileType = text.plist.strings; name = ar; path = ar.lproj/InfoPlist.strings; sourceTree = "<group>"; };
		B459F11B2A18B490000231EC /* ar */ = {isa = PBXFileReference; lastKnownFileType = text.plist.stringsdict; name = ar; path = ar.lproj/Localizable.stringsdict; sourceTree = "<group>"; };
		B496435E2A1A66DB002DC91F /* WhiteSymbolButton.swift */ = {isa = PBXFileReference; lastKnownFileType = sourcecode.swift; path = WhiteSymbolButton.swift; sourceTree = "<group>"; };
		B49643602A1A694D002DC91F /* SizeClassesCompitable.swift */ = {isa = PBXFileReference; lastKnownFileType = sourcecode.swift; path = SizeClassesCompitable.swift; sourceTree = "<group>"; };
		B49643622A1A72CE002DC91F /* Constants.swift */ = {isa = PBXFileReference; lastKnownFileType = sourcecode.swift; path = Constants.swift; sourceTree = "<group>"; };
		B49643652A1A7A6C002DC91F /* GameViewControllerDelegate.swift */ = {isa = PBXFileReference; lastKnownFileType = sourcecode.swift; path = GameViewControllerDelegate.swift; sourceTree = "<group>"; };
		B4B303BD2931F70C0053B91A /* Milllionaire.app */ = {isa = PBXFileReference; explicitFileType = wrapper.application; includeInIndex = 0; path = Milllionaire.app; sourceTree = BUILT_PRODUCTS_DIR; };
		B4B303C02931F70C0053B91A /* AppDelegate.swift */ = {isa = PBXFileReference; lastKnownFileType = sourcecode.swift; path = AppDelegate.swift; sourceTree = "<group>"; };
		B4B303C22931F70C0053B91A /* SceneDelegate.swift */ = {isa = PBXFileReference; lastKnownFileType = sourcecode.swift; path = SceneDelegate.swift; sourceTree = "<group>"; };
		B4B303C42931F70C0053B91A /* MainViewController.swift */ = {isa = PBXFileReference; lastKnownFileType = sourcecode.swift; path = MainViewController.swift; sourceTree = "<group>"; };
		B4B303CA2931F70C0053B91A /* Milllionaire.xcdatamodel */ = {isa = PBXFileReference; lastKnownFileType = wrapper.xcdatamodel; path = Milllionaire.xcdatamodel; sourceTree = "<group>"; };
		B4B303CC2931F70E0053B91A /* Assets.xcassets */ = {isa = PBXFileReference; lastKnownFileType = folder.assetcatalog; path = Assets.xcassets; sourceTree = "<group>"; };
		B4B303CF2931F70E0053B91A /* Base */ = {isa = PBXFileReference; lastKnownFileType = file.storyboard; name = Base; path = Base.lproj/LaunchScreen.storyboard; sourceTree = "<group>"; };
		B4B303D12931F70E0053B91A /* Info.plist */ = {isa = PBXFileReference; lastKnownFileType = text.plist.xml; path = Info.plist; sourceTree = "<group>"; };
		B4B303DE29328ADF0053B91A /* Question.swift */ = {isa = PBXFileReference; lastKnownFileType = sourcecode.swift; path = Question.swift; sourceTree = "<group>"; };
		B4B303E029328DA80053B91A /* QuestionData.swift */ = {isa = PBXFileReference; lastKnownFileType = sourcecode.swift; path = QuestionData.swift; sourceTree = "<group>"; };
		B4B303E2293291250053B91A /* GameViewController.swift */ = {isa = PBXFileReference; lastKnownFileType = sourcecode.swift; path = GameViewController.swift; sourceTree = "<group>"; };
		B4B303E42932A3860053B91A /* AnswerTableViewCell.swift */ = {isa = PBXFileReference; lastKnownFileType = sourcecode.swift; path = AnswerTableViewCell.swift; sourceTree = "<group>"; };
		B4B303E62932BCB10053B91A /* ResultsViewController.swift */ = {isa = PBXFileReference; lastKnownFileType = sourcecode.swift; path = ResultsViewController.swift; sourceTree = "<group>"; };
		B4B303E82932C7970053B91A /* Game.swift */ = {isa = PBXFileReference; lastKnownFileType = sourcecode.swift; path = Game.swift; sourceTree = "<group>"; };
		B4B303EA2932C85E0053B91A /* GameSession.swift */ = {isa = PBXFileReference; lastKnownFileType = sourcecode.swift; path = GameSession.swift; sourceTree = "<group>"; };
		B4B303EC29334A1D0053B91A /* Results.swift */ = {isa = PBXFileReference; lastKnownFileType = sourcecode.swift; path = Results.swift; sourceTree = "<group>"; };
		B4B303EE29337FB20053B91A /* GameCaretaker.swift */ = {isa = PBXFileReference; lastKnownFileType = sourcecode.swift; path = GameCaretaker.swift; sourceTree = "<group>"; };
		B4B303F02933974E0053B91A /* Result+CoreDataClass.swift */ = {isa = PBXFileReference; lastKnownFileType = sourcecode.swift; name = "Result+CoreDataClass.swift"; path = "Milllionaire/Service/Result+CoreDataClass.swift"; sourceTree = SOURCE_ROOT; };
		B4B303F12933974E0053B91A /* Result+CoreDataProperties.swift */ = {isa = PBXFileReference; lastKnownFileType = sourcecode.swift; name = "Result+CoreDataProperties.swift"; path = "Milllionaire/Service/Result+CoreDataProperties.swift"; sourceTree = SOURCE_ROOT; };
		B4B303F42934A3690053B91A /* SettingsViewController.swift */ = {isa = PBXFileReference; lastKnownFileType = sourcecode.swift; path = SettingsViewController.swift; sourceTree = "<group>"; };
		B4B303F62934EE9E0053B91A /* Difficulty.swift */ = {isa = PBXFileReference; lastKnownFileType = sourcecode.swift; path = Difficulty.swift; sourceTree = "<group>"; };
		B4B303F82934F6890053B91A /* ShuffleStrategy.swift */ = {isa = PBXFileReference; lastKnownFileType = sourcecode.swift; path = ShuffleStrategy.swift; sourceTree = "<group>"; };
		B4B303FA2934FB120053B91A /* MediumQuestionStrategy.swift */ = {isa = PBXFileReference; lastKnownFileType = sourcecode.swift; path = MediumQuestionStrategy.swift; sourceTree = "<group>"; };
		B4EB406629388C5500520181 /* MainRootView.swift */ = {isa = PBXFileReference; lastKnownFileType = sourcecode.swift; path = MainRootView.swift; sourceTree = "<group>"; };
		B4EB40682938995100520181 /* SettingsRootView.swift */ = {isa = PBXFileReference; lastKnownFileType = sourcecode.swift; path = SettingsRootView.swift; sourceTree = "<group>"; };
		B4EB406A29389EE100520181 /* ResultsRootView.swift */ = {isa = PBXFileReference; lastKnownFileType = sourcecode.swift; path = ResultsRootView.swift; sourceTree = "<group>"; };
		B4EB406C2938A17B00520181 /* GameRootView.swift */ = {isa = PBXFileReference; lastKnownFileType = sourcecode.swift; path = GameRootView.swift; sourceTree = "<group>"; };
		B4EB406E2938AB0400520181 /* EasyQuestionStrategy.swift */ = {isa = PBXFileReference; lastKnownFileType = sourcecode.swift; path = EasyQuestionStrategy.swift; sourceTree = "<group>"; };
		B4EB407B2939E81500520181 /* Observable.swift */ = {isa = PBXFileReference; lastKnownFileType = sourcecode.swift; path = Observable.swift; sourceTree = "<group>"; };
		B4EB407E293A229600520181 /* AddingQuestionViewController.swift */ = {isa = PBXFileReference; lastKnownFileType = sourcecode.swift; path = AddingQuestionViewController.swift; sourceTree = "<group>"; };
		B4EB4086293A635100520181 /* AddNewQuestionTableViewCell.swift */ = {isa = PBXFileReference; lastKnownFileType = sourcecode.swift; path = AddNewQuestionTableViewCell.swift; sourceTree = "<group>"; };
		B4EB4088293B11A400520181 /* AnswerTextField.swift */ = {isa = PBXFileReference; lastKnownFileType = sourcecode.swift; path = AnswerTextField.swift; sourceTree = "<group>"; };
		B4EB408A293B18C100520181 /* PurpleButton.swift */ = {isa = PBXFileReference; lastKnownFileType = sourcecode.swift; path = PurpleButton.swift; sourceTree = "<group>"; };
		B4EB408C293B1CB800520181 /* CustomSwitch.swift */ = {isa = PBXFileReference; lastKnownFileType = sourcecode.swift; path = CustomSwitch.swift; sourceTree = "<group>"; };
		B4EB408E293BA8DF00520181 /* AddQuestionRootView.swift */ = {isa = PBXFileReference; lastKnownFileType = sourcecode.swift; path = AddQuestionRootView.swift; sourceTree = "<group>"; };
		B4EB4090293DA51200520181 /* QuestionDataCaretracker.swift */ = {isa = PBXFileReference; lastKnownFileType = sourcecode.swift; path = QuestionDataCaretracker.swift; sourceTree = "<group>"; };
		B4EB4092293DAD0E00520181 /* QuestionCD+CoreDataClass.swift */ = {isa = PBXFileReference; lastKnownFileType = sourcecode.swift; path = "QuestionCD+CoreDataClass.swift"; sourceTree = SOURCE_ROOT; };
		B4EB4093293DAD0E00520181 /* QuestionCD+CoreDataProperties.swift */ = {isa = PBXFileReference; lastKnownFileType = sourcecode.swift; path = "QuestionCD+CoreDataProperties.swift"; sourceTree = SOURCE_ROOT; };
		B4EB4094293DAD0E00520181 /* AnswerCD+CoreDataClass.swift */ = {isa = PBXFileReference; lastKnownFileType = sourcecode.swift; path = "AnswerCD+CoreDataClass.swift"; sourceTree = SOURCE_ROOT; };
		B4EB4095293DAD0E00520181 /* AnswerCD+CoreDataProperties.swift */ = {isa = PBXFileReference; lastKnownFileType = sourcecode.swift; path = "AnswerCD+CoreDataProperties.swift"; sourceTree = SOURCE_ROOT; };
/* End PBXFileReference section */

/* Begin PBXFrameworksBuildPhase section */
		B4B303BA2931F70C0053B91A /* Frameworks */ = {
			isa = PBXFrameworksBuildPhase;
			buildActionMask = 2147483647;
			files = (
			);
			runOnlyForDeploymentPostprocessing = 0;
		};
/* End PBXFrameworksBuildPhase section */

/* Begin PBXGroup section */
		B459F1032A18A203000231EC /* Localization */ = {
			isa = PBXGroup;
			children = (
				B459F1122A18A5BC000231EC /* LocalizationKeys.swift */,
				B459F1082A18A227000231EC /* Localizable.strings */,
				B459F10E2A18A284000231EC /* InfoPlist.strings */,
				B459F1162A18A77E000231EC /* Localizable.stringsdict */,
			);
			path = Localization;
			sourceTree = "<group>";
		};
		B4B303B42931F70C0053B91A = {
			isa = PBXGroup;
			children = (
				B4B303BF2931F70C0053B91A /* Milllionaire */,
				B4B303BE2931F70C0053B91A /* Products */,
			);
			sourceTree = "<group>";
		};
		B4B303BE2931F70C0053B91A /* Products */ = {
			isa = PBXGroup;
			children = (
				B4B303BD2931F70C0053B91A /* Milllionaire.app */,
			);
			name = Products;
			sourceTree = "<group>";
		};
		B4B303BF2931F70C0053B91A /* Milllionaire */ = {
			isa = PBXGroup;
			children = (
				B4B303C02931F70C0053B91A /* AppDelegate.swift */,
				B4B303C22931F70C0053B91A /* SceneDelegate.swift */,
				B459F1032A18A203000231EC /* Localization */,
				B4EB407D293A224500520181 /* AddingQuestion */,
				B4EB4065293889D000520181 /* Service */,
				B4EB40642938888700520181 /* Game */,
				B4EB40632938885800520181 /* Results */,
				B4EB40612938881C00520181 /* Settings */,
				B4EB40622938883000520181 /* MainView */,
				B4B303CC2931F70E0053B91A /* Assets.xcassets */,
				B4B303CE2931F70E0053B91A /* LaunchScreen.storyboard */,
				B4B303D12931F70E0053B91A /* Info.plist */,
				B4B303C92931F70C0053B91A /* Milllionaire.xcdatamodeld */,
			);
			path = Milllionaire;
			sourceTree = "<group>";
		};
		B4EB40612938881C00520181 /* Settings */ = {
			isa = PBXGroup;
			children = (
				B4EB40702939B01D00520181 /* Model */,
				B4EB40782939B12200520181 /* View */,
				B4EB40772939B11100520181 /* Controller */,
			);
			path = Settings;
			sourceTree = "<group>";
		};
		B4EB40622938883000520181 /* MainView */ = {
			isa = PBXGroup;
			children = (
				B4EB407A2939B14E00520181 /* View */,
				B4EB40792939B14000520181 /* Controller */,
			);
			path = MainView;
			sourceTree = "<group>";
		};
		B4EB40632938885800520181 /* Results */ = {
			isa = PBXGroup;
			children = (
				B4EB40752939B0F600520181 /* View */,
				B4EB40742939B0E600520181 /* Controller */,
			);
			path = Results;
			sourceTree = "<group>";
		};
		B4EB40642938888700520181 /* Game */ = {
			isa = PBXGroup;
			children = (
				B4EB40722939B05600520181 /* Model */,
				B4EB40712939B04A00520181 /* View */,
				B4EB40732939B09300520181 /* Controller */,
			);
			path = Game;
			sourceTree = "<group>";
		};
		B4EB4065293889D000520181 /* Service */ = {
			isa = PBXGroup;
			children = (
				B4EB4092293DAD0E00520181 /* QuestionCD+CoreDataClass.swift */,
				B4EB4093293DAD0E00520181 /* QuestionCD+CoreDataProperties.swift */,
				B4EB4094293DAD0E00520181 /* AnswerCD+CoreDataClass.swift */,
				B4EB4095293DAD0E00520181 /* AnswerCD+CoreDataProperties.swift */,
				B4B303F02933974E0053B91A /* Result+CoreDataClass.swift */,
				B4B303F12933974E0053B91A /* Result+CoreDataProperties.swift */,
				B4B303EE29337FB20053B91A /* GameCaretaker.swift */,
				B4EB4090293DA51200520181 /* QuestionDataCaretracker.swift */,
			);
			path = Service;
			sourceTree = "<group>";
		};
		B4EB40702939B01D00520181 /* Model */ = {
			isa = PBXGroup;
			children = (
				B4B303F82934F6890053B91A /* ShuffleStrategy.swift */,
				B4B303FA2934FB120053B91A /* MediumQuestionStrategy.swift */,
				B4EB406E2938AB0400520181 /* EasyQuestionStrategy.swift */,
				B4B303F62934EE9E0053B91A /* Difficulty.swift */,
			);
			path = Model;
			sourceTree = "<group>";
		};
		B4EB40712939B04A00520181 /* View */ = {
			isa = PBXGroup;
			children = (
				B4B303E42932A3860053B91A /* AnswerTableViewCell.swift */,
				B4EB406C2938A17B00520181 /* GameRootView.swift */,
			);
			path = View;
			sourceTree = "<group>";
		};
		B4EB40722939B05600520181 /* Model */ = {
			isa = PBXGroup;
			children = (
				B4B303EA2932C85E0053B91A /* GameSession.swift */,
				B4B303E82932C7970053B91A /* Game.swift */,
				B4B303E029328DA80053B91A /* QuestionData.swift */,
				B4B303DE29328ADF0053B91A /* Question.swift */,
				B4EB407B2939E81500520181 /* Observable.swift */,
				B49643622A1A72CE002DC91F /* Constants.swift */,
				B4B303EC29334A1D0053B91A /* Results.swift */,
			);
			path = Model;
			sourceTree = "<group>";
		};
		B4EB40732939B09300520181 /* Controller */ = {
			isa = PBXGroup;
			children = (
				B4B303E2293291250053B91A /* GameViewController.swift */,
				B49643652A1A7A6C002DC91F /* GameViewControllerDelegate.swift */,
			);
			path = Controller;
			sourceTree = "<group>";
		};
		B4EB40742939B0E600520181 /* Controller */ = {
			isa = PBXGroup;
			children = (
				B4B303E62932BCB10053B91A /* ResultsViewController.swift */,
			);
			path = Controller;
			sourceTree = "<group>";
		};
		B4EB40752939B0F600520181 /* View */ = {
			isa = PBXGroup;
			children = (
				B4EB406A29389EE100520181 /* ResultsRootView.swift */,
			);
			path = View;
			sourceTree = "<group>";
		};
		B4EB40772939B11100520181 /* Controller */ = {
			isa = PBXGroup;
			children = (
				B4B303F42934A3690053B91A /* SettingsViewController.swift */,
			);
			path = Controller;
			sourceTree = "<group>";
		};
		B4EB40782939B12200520181 /* View */ = {
			isa = PBXGroup;
			children = (
				B4EB40682938995100520181 /* SettingsRootView.swift */,
				B4EB408C293B1CB800520181 /* CustomSwitch.swift */,
			);
			path = View;
			sourceTree = "<group>";
		};
		B4EB40792939B14000520181 /* Controller */ = {
			isa = PBXGroup;
			children = (
				B4B303C42931F70C0053B91A /* MainViewController.swift */,
			);
			path = Controller;
			sourceTree = "<group>";
		};
		B4EB407A2939B14E00520181 /* View */ = {
			isa = PBXGroup;
			children = (
				B4EB406629388C5500520181 /* MainRootView.swift */,
				B49643602A1A694D002DC91F /* SizeClassesCompitable.swift */,
				B496435E2A1A66DB002DC91F /* WhiteSymbolButton.swift */,
				B4EB408A293B18C100520181 /* PurpleButton.swift */,
			);
			path = View;
			sourceTree = "<group>";
		};
		B4EB407D293A224500520181 /* AddingQuestion */ = {
			isa = PBXGroup;
			children = (
				B4EB4081293A2C5300520181 /* View */,
				B4EB4080293A229F00520181 /* Controller */,
			);
			path = AddingQuestion;
			sourceTree = "<group>";
		};
		B4EB4080293A229F00520181 /* Controller */ = {
			isa = PBXGroup;
			children = (
				B4EB407E293A229600520181 /* AddingQuestionViewController.swift */,
			);
			path = Controller;
			sourceTree = "<group>";
		};
		B4EB4081293A2C5300520181 /* View */ = {
			isa = PBXGroup;
			children = (
				B4EB4086293A635100520181 /* AddNewQuestionTableViewCell.swift */,
				B4EB408E293BA8DF00520181 /* AddQuestionRootView.swift */,
				B4EB4088293B11A400520181 /* AnswerTextField.swift */,
			);
			path = View;
			sourceTree = "<group>";
		};
/* End PBXGroup section */

/* Begin PBXNativeTarget section */
		B4B303BC2931F70C0053B91A /* Milllionaire */ = {
			isa = PBXNativeTarget;
			buildConfigurationList = B4B303D42931F70E0053B91A /* Build configuration list for PBXNativeTarget "Milllionaire" */;
			buildPhases = (
				B4B303B92931F70C0053B91A /* Sources */,
				B4B303BA2931F70C0053B91A /* Frameworks */,
				B4B303BB2931F70C0053B91A /* Resources */,
			);
			buildRules = (
			);
			dependencies = (
			);
			name = Milllionaire;
			productName = Milllionaire;
			productReference = B4B303BD2931F70C0053B91A /* Milllionaire.app */;
			productType = "com.apple.product-type.application";
		};
/* End PBXNativeTarget section */

/* Begin PBXProject section */
		B4B303B52931F70C0053B91A /* Project object */ = {
			isa = PBXProject;
			attributes = {
				BuildIndependentTargetsInParallel = 1;
				LastSwiftUpdateCheck = 1410;
				LastUpgradeCheck = 1410;
				TargetAttributes = {
					B4B303BC2931F70C0053B91A = {
						CreatedOnToolsVersion = 14.1;
					};
				};
			};
			buildConfigurationList = B4B303B82931F70C0053B91A /* Build configuration list for PBXProject "Milllionaire" */;
			compatibilityVersion = "Xcode 14.0";
			developmentRegion = en;
			hasScannedForEncodings = 0;
			knownRegions = (
				en,
				Base,
				ru,
				ar,
			);
			mainGroup = B4B303B42931F70C0053B91A;
			productRefGroup = B4B303BE2931F70C0053B91A /* Products */;
			projectDirPath = "";
			projectRoot = "";
			targets = (
				B4B303BC2931F70C0053B91A /* Milllionaire */,
			);
		};
/* End PBXProject section */

/* Begin PBXResourcesBuildPhase section */
		B4B303BB2931F70C0053B91A /* Resources */ = {
			isa = PBXResourcesBuildPhase;
			buildActionMask = 2147483647;
			files = (
				B4B303D02931F70E0053B91A /* LaunchScreen.storyboard in Resources */,
				B459F10C2A18A284000231EC /* InfoPlist.strings in Resources */,
				B459F1062A18A227000231EC /* Localizable.strings in Resources */,
				B459F1142A18A77E000231EC /* Localizable.stringsdict in Resources */,
				B4B303CD2931F70E0053B91A /* Assets.xcassets in Resources */,
			);
			runOnlyForDeploymentPostprocessing = 0;
		};
/* End PBXResourcesBuildPhase section */

/* Begin PBXSourcesBuildPhase section */
		B4B303B92931F70C0053B91A /* Sources */ = {
			isa = PBXSourcesBuildPhase;
			buildActionMask = 2147483647;
			files = (
				B49643662A1A7A6C002DC91F /* GameViewControllerDelegate.swift in Sources */,
				B4B303EB2932C85E0053B91A /* GameSession.swift in Sources */,
				B4B303E3293291250053B91A /* GameViewController.swift in Sources */,
				B4EB4087293A635100520181 /* AddNewQuestionTableViewCell.swift in Sources */,
				B4B303F92934F6890053B91A /* ShuffleStrategy.swift in Sources */,
				B4B303F22933974E0053B91A /* Result+CoreDataClass.swift in Sources */,
				B4EB408B293B18C100520181 /* PurpleButton.swift in Sources */,
				B49643612A1A694D002DC91F /* SizeClassesCompitable.swift in Sources */,
				B4EB4097293DAD0E00520181 /* QuestionCD+CoreDataProperties.swift in Sources */,
				B459F1132A18A5BC000231EC /* LocalizationKeys.swift in Sources */,
				B4EB40692938995100520181 /* SettingsRootView.swift in Sources */,
				B4EB407F293A229600520181 /* AddingQuestionViewController.swift in Sources */,
				B4B303E92932C7970053B91A /* Game.swift in Sources */,
				B4B303EF29337FB20053B91A /* GameCaretaker.swift in Sources */,
				B4EB4098293DAD0E00520181 /* AnswerCD+CoreDataClass.swift in Sources */,
				B4EB406B29389EE100520181 /* ResultsRootView.swift in Sources */,
				B49643632A1A72CE002DC91F /* Constants.swift in Sources */,
				B4B303DF29328ADF0053B91A /* Question.swift in Sources */,
				B4B303C52931F70C0053B91A /* MainViewController.swift in Sources */,
				B4B303F52934A3690053B91A /* SettingsViewController.swift in Sources */,
				B4EB407C2939E81500520181 /* Observable.swift in Sources */,
				B4EB4096293DAD0E00520181 /* QuestionCD+CoreDataClass.swift in Sources */,
				B4B303C12931F70C0053B91A /* AppDelegate.swift in Sources */,
				B4B303F32933974E0053B91A /* Result+CoreDataProperties.swift in Sources */,
				B4B303FB2934FB120053B91A /* MediumQuestionStrategy.swift in Sources */,
				B4B303ED29334A1D0053B91A /* Results.swift in Sources */,
				B4EB4091293DA51200520181 /* QuestionDataCaretracker.swift in Sources */,
				B4EB408F293BA8DF00520181 /* AddQuestionRootView.swift in Sources */,
				B4EB406729388C5500520181 /* MainRootView.swift in Sources */,
				B4B303E129328DA80053B91A /* QuestionData.swift in Sources */,
				B4B303E72932BCB10053B91A /* ResultsViewController.swift in Sources */,
				B4EB408D293B1CB800520181 /* CustomSwitch.swift in Sources */,
				B4EB406F2938AB0400520181 /* EasyQuestionStrategy.swift in Sources */,
				B4B303CB2931F70C0053B91A /* Milllionaire.xcdatamodeld in Sources */,
				B4EB4099293DAD0E00520181 /* AnswerCD+CoreDataProperties.swift in Sources */,
				B4EB406D2938A17B00520181 /* GameRootView.swift in Sources */,
				B496435F2A1A66DB002DC91F /* WhiteSymbolButton.swift in Sources */,
				B4EB4089293B11A400520181 /* AnswerTextField.swift in Sources */,
				B4B303F72934EE9E0053B91A /* Difficulty.swift in Sources */,
				B4B303C32931F70C0053B91A /* SceneDelegate.swift in Sources */,
				B4B303E52932A3860053B91A /* AnswerTableViewCell.swift in Sources */,
			);
			runOnlyForDeploymentPostprocessing = 0;
		};
/* End PBXSourcesBuildPhase section */

/* Begin PBXVariantGroup section */
		B459F1082A18A227000231EC /* Localizable.strings */ = {
			isa = PBXVariantGroup;
			children = (
				B459F1072A18A227000231EC /* ru */,
				B459F1092A18A235000231EC /* en */,
				B459F1192A18B48F000231EC /* ar */,
			);
			name = Localizable.strings;
			sourceTree = "<group>";
		};
		B459F10E2A18A284000231EC /* InfoPlist.strings */ = {
			isa = PBXVariantGroup;
			children = (
				B459F10D2A18A284000231EC /* en */,
				B459F10F2A18A288000231EC /* ru */,
				B459F11A2A18B490000231EC /* ar */,
			);
			name = InfoPlist.strings;
			sourceTree = "<group>";
		};
		B459F1162A18A77E000231EC /* Localizable.stringsdict */ = {
			isa = PBXVariantGroup;
			children = (
				B459F1152A18A77E000231EC /* en */,
				B459F1172A18A780000231EC /* ru */,
				B459F11B2A18B490000231EC /* ar */,
			);
			name = Localizable.stringsdict;
			sourceTree = "<group>";
		};
		B4B303CE2931F70E0053B91A /* LaunchScreen.storyboard */ = {
			isa = PBXVariantGroup;
			children = (
				B4B303CF2931F70E0053B91A /* Base */,
				B459F1022A18A023000231EC /* ru */,
				B459F1182A18B48F000231EC /* ar */,
			);
			name = LaunchScreen.storyboard;
			sourceTree = "<group>";
		};
/* End PBXVariantGroup section */

/* Begin XCBuildConfiguration section */
		B4B303D22931F70E0053B91A /* Debug */ = {
			isa = XCBuildConfiguration;
			buildSettings = {
				ALWAYS_SEARCH_USER_PATHS = NO;
				CLANG_ANALYZER_LOCALIZABILITY_NONLOCALIZED = YES;
				CLANG_ANALYZER_NONNULL = YES;
				CLANG_ANALYZER_NUMBER_OBJECT_CONVERSION = YES_AGGRESSIVE;
				CLANG_CXX_LANGUAGE_STANDARD = "gnu++20";
				CLANG_ENABLE_MODULES = YES;
				CLANG_ENABLE_OBJC_ARC = YES;
				CLANG_ENABLE_OBJC_WEAK = YES;
				CLANG_WARN_BLOCK_CAPTURE_AUTORELEASING = YES;
				CLANG_WARN_BOOL_CONVERSION = YES;
				CLANG_WARN_COMMA = YES;
				CLANG_WARN_CONSTANT_CONVERSION = YES;
				CLANG_WARN_DEPRECATED_OBJC_IMPLEMENTATIONS = YES;
				CLANG_WARN_DIRECT_OBJC_ISA_USAGE = YES_ERROR;
				CLANG_WARN_DOCUMENTATION_COMMENTS = YES;
				CLANG_WARN_EMPTY_BODY = YES;
				CLANG_WARN_ENUM_CONVERSION = YES;
				CLANG_WARN_INFINITE_RECURSION = YES;
				CLANG_WARN_INT_CONVERSION = YES;
				CLANG_WARN_NON_LITERAL_NULL_CONVERSION = YES;
				CLANG_WARN_OBJC_IMPLICIT_RETAIN_SELF = YES;
				CLANG_WARN_OBJC_LITERAL_CONVERSION = YES;
				CLANG_WARN_OBJC_ROOT_CLASS = YES_ERROR;
				CLANG_WARN_QUOTED_INCLUDE_IN_FRAMEWORK_HEADER = YES;
				CLANG_WARN_RANGE_LOOP_ANALYSIS = YES;
				CLANG_WARN_STRICT_PROTOTYPES = YES;
				CLANG_WARN_SUSPICIOUS_MOVE = YES;
				CLANG_WARN_UNGUARDED_AVAILABILITY = YES_AGGRESSIVE;
				CLANG_WARN_UNREACHABLE_CODE = YES;
				CLANG_WARN__DUPLICATE_METHOD_MATCH = YES;
				COPY_PHASE_STRIP = NO;
				DEBUG_INFORMATION_FORMAT = dwarf;
				ENABLE_STRICT_OBJC_MSGSEND = YES;
				ENABLE_TESTABILITY = YES;
				GCC_C_LANGUAGE_STANDARD = gnu11;
				GCC_DYNAMIC_NO_PIC = NO;
				GCC_NO_COMMON_BLOCKS = YES;
				GCC_OPTIMIZATION_LEVEL = 0;
				GCC_PREPROCESSOR_DEFINITIONS = (
					"DEBUG=1",
					"$(inherited)",
				);
				GCC_WARN_64_TO_32_BIT_CONVERSION = YES;
				GCC_WARN_ABOUT_RETURN_TYPE = YES_ERROR;
				GCC_WARN_UNDECLARED_SELECTOR = YES;
				GCC_WARN_UNINITIALIZED_AUTOS = YES_AGGRESSIVE;
				GCC_WARN_UNUSED_FUNCTION = YES;
				GCC_WARN_UNUSED_VARIABLE = YES;
				IPHONEOS_DEPLOYMENT_TARGET = 16.1;
				MTL_ENABLE_DEBUG_INFO = INCLUDE_SOURCE;
				MTL_FAST_MATH = YES;
				ONLY_ACTIVE_ARCH = YES;
				SDKROOT = iphoneos;
				SWIFT_ACTIVE_COMPILATION_CONDITIONS = DEBUG;
				SWIFT_OPTIMIZATION_LEVEL = "-Onone";
			};
			name = Debug;
		};
		B4B303D32931F70E0053B91A /* Release */ = {
			isa = XCBuildConfiguration;
			buildSettings = {
				ALWAYS_SEARCH_USER_PATHS = NO;
				CLANG_ANALYZER_LOCALIZABILITY_NONLOCALIZED = YES;
				CLANG_ANALYZER_NONNULL = YES;
				CLANG_ANALYZER_NUMBER_OBJECT_CONVERSION = YES_AGGRESSIVE;
				CLANG_CXX_LANGUAGE_STANDARD = "gnu++20";
				CLANG_ENABLE_MODULES = YES;
				CLANG_ENABLE_OBJC_ARC = YES;
				CLANG_ENABLE_OBJC_WEAK = YES;
				CLANG_WARN_BLOCK_CAPTURE_AUTORELEASING = YES;
				CLANG_WARN_BOOL_CONVERSION = YES;
				CLANG_WARN_COMMA = YES;
				CLANG_WARN_CONSTANT_CONVERSION = YES;
				CLANG_WARN_DEPRECATED_OBJC_IMPLEMENTATIONS = YES;
				CLANG_WARN_DIRECT_OBJC_ISA_USAGE = YES_ERROR;
				CLANG_WARN_DOCUMENTATION_COMMENTS = YES;
				CLANG_WARN_EMPTY_BODY = YES;
				CLANG_WARN_ENUM_CONVERSION = YES;
				CLANG_WARN_INFINITE_RECURSION = YES;
				CLANG_WARN_INT_CONVERSION = YES;
				CLANG_WARN_NON_LITERAL_NULL_CONVERSION = YES;
				CLANG_WARN_OBJC_IMPLICIT_RETAIN_SELF = YES;
				CLANG_WARN_OBJC_LITERAL_CONVERSION = YES;
				CLANG_WARN_OBJC_ROOT_CLASS = YES_ERROR;
				CLANG_WARN_QUOTED_INCLUDE_IN_FRAMEWORK_HEADER = YES;
				CLANG_WARN_RANGE_LOOP_ANALYSIS = YES;
				CLANG_WARN_STRICT_PROTOTYPES = YES;
				CLANG_WARN_SUSPICIOUS_MOVE = YES;
				CLANG_WARN_UNGUARDED_AVAILABILITY = YES_AGGRESSIVE;
				CLANG_WARN_UNREACHABLE_CODE = YES;
				CLANG_WARN__DUPLICATE_METHOD_MATCH = YES;
				COPY_PHASE_STRIP = NO;
				DEBUG_INFORMATION_FORMAT = "dwarf-with-dsym";
				ENABLE_NS_ASSERTIONS = NO;
				ENABLE_STRICT_OBJC_MSGSEND = YES;
				GCC_C_LANGUAGE_STANDARD = gnu11;
				GCC_NO_COMMON_BLOCKS = YES;
				GCC_WARN_64_TO_32_BIT_CONVERSION = YES;
				GCC_WARN_ABOUT_RETURN_TYPE = YES_ERROR;
				GCC_WARN_UNDECLARED_SELECTOR = YES;
				GCC_WARN_UNINITIALIZED_AUTOS = YES_AGGRESSIVE;
				GCC_WARN_UNUSED_FUNCTION = YES;
				GCC_WARN_UNUSED_VARIABLE = YES;
				IPHONEOS_DEPLOYMENT_TARGET = 16.1;
				MTL_ENABLE_DEBUG_INFO = NO;
				MTL_FAST_MATH = YES;
				SDKROOT = iphoneos;
				SWIFT_COMPILATION_MODE = wholemodule;
				SWIFT_OPTIMIZATION_LEVEL = "-O";
				VALIDATE_PRODUCT = YES;
			};
			name = Release;
		};
		B4B303D52931F70E0053B91A /* Debug */ = {
			isa = XCBuildConfiguration;
			buildSettings = {
				ASSETCATALOG_COMPILER_APPICON_NAME = AppIcon;
				ASSETCATALOG_COMPILER_GLOBAL_ACCENT_COLOR_NAME = AccentColor;
				CODE_SIGN_STYLE = Automatic;
				CURRENT_PROJECT_VERSION = 1;
				DEVELOPMENT_TEAM = AD4W7X6593;
				GENERATE_INFOPLIST_FILE = YES;
				INFOPLIST_FILE = Milllionaire/Info.plist;
				INFOPLIST_KEY_UIApplicationSupportsIndirectInputEvents = YES;
				INFOPLIST_KEY_UILaunchStoryboardName = LaunchScreen;
				INFOPLIST_KEY_UIMainStoryboardFile = "";
				INFOPLIST_KEY_UISupportedInterfaceOrientations = "UIInterfaceOrientationLandscapeLeft UIInterfaceOrientationLandscapeRight UIInterfaceOrientationPortrait UIInterfaceOrientationPortraitUpsideDown";
				LD_RUNPATH_SEARCH_PATHS = (
					"$(inherited)",
					"@executable_path/Frameworks",
				);
				MARKETING_VERSION = 1.0;
				PRODUCT_BUNDLE_IDENTIFIER = "-.Milllionaire";
				PRODUCT_NAME = "$(TARGET_NAME)";
				SWIFT_EMIT_LOC_STRINGS = YES;
				SWIFT_VERSION = 5.0;
				TARGETED_DEVICE_FAMILY = "1,2";
			};
			name = Debug;
		};
		B4B303D62931F70E0053B91A /* Release */ = {
			isa = XCBuildConfiguration;
			buildSettings = {
				ASSETCATALOG_COMPILER_APPICON_NAME = AppIcon;
				ASSETCATALOG_COMPILER_GLOBAL_ACCENT_COLOR_NAME = AccentColor;
				CODE_SIGN_STYLE = Automatic;
				CURRENT_PROJECT_VERSION = 1;
				DEVELOPMENT_TEAM = AD4W7X6593;
				GENERATE_INFOPLIST_FILE = YES;
				INFOPLIST_FILE = Milllionaire/Info.plist;
				INFOPLIST_KEY_UIApplicationSupportsIndirectInputEvents = YES;
				INFOPLIST_KEY_UILaunchStoryboardName = LaunchScreen;
				INFOPLIST_KEY_UIMainStoryboardFile = "";
				INFOPLIST_KEY_UISupportedInterfaceOrientations = "UIInterfaceOrientationLandscapeLeft UIInterfaceOrientationLandscapeRight UIInterfaceOrientationPortrait UIInterfaceOrientationPortraitUpsideDown";
				LD_RUNPATH_SEARCH_PATHS = (
					"$(inherited)",
					"@executable_path/Frameworks",
				);
				MARKETING_VERSION = 1.0;
				PRODUCT_BUNDLE_IDENTIFIER = "-.Milllionaire";
				PRODUCT_NAME = "$(TARGET_NAME)";
				SWIFT_EMIT_LOC_STRINGS = YES;
				SWIFT_VERSION = 5.0;
				TARGETED_DEVICE_FAMILY = "1,2";
			};
			name = Release;
		};
/* End XCBuildConfiguration section */

/* Begin XCConfigurationList section */
		B4B303B82931F70C0053B91A /* Build configuration list for PBXProject "Milllionaire" */ = {
			isa = XCConfigurationList;
			buildConfigurations = (
				B4B303D22931F70E0053B91A /* Debug */,
				B4B303D32931F70E0053B91A /* Release */,
			);
			defaultConfigurationIsVisible = 0;
			defaultConfigurationName = Release;
		};
		B4B303D42931F70E0053B91A /* Build configuration list for PBXNativeTarget "Milllionaire" */ = {
			isa = XCConfigurationList;
			buildConfigurations = (
				B4B303D52931F70E0053B91A /* Debug */,
				B4B303D62931F70E0053B91A /* Release */,
			);
			defaultConfigurationIsVisible = 0;
			defaultConfigurationName = Release;
		};
/* End XCConfigurationList section */

/* Begin XCVersionGroup section */
		B4B303C92931F70C0053B91A /* Milllionaire.xcdatamodeld */ = {
			isa = XCVersionGroup;
			children = (
				B4B303CA2931F70C0053B91A /* Milllionaire.xcdatamodel */,
			);
			currentVersion = B4B303CA2931F70C0053B91A /* Milllionaire.xcdatamodel */;
			path = Milllionaire.xcdatamodeld;
			sourceTree = "<group>";
			versionGroupType = wrapper.xcdatamodel;
		};
/* End XCVersionGroup section */
	};
	rootObject = B4B303B52931F70C0053B91A /* Project object */;
}
